
Microsoft Visual Studio Solution File, Format Version 9.00
# Visual Studio 2005
Project("{FAE04EC0-301F-11D3-BF4B-00C04F79EFBC}") = "BarcodeCreatorDemo", "BarcodeCreatorDemo\BarcodeCreatorDemo.csproj", "{31021D7D-A729-49D4-9341-507075221FD0}"
EndProject
Global
	GlobalSection(SolutionConfigurationPlatforms) = preSolution
		Debug|Any CPU = Debug|Any CPU
		Release|Any CPU = Release|Any CPU
	EndGlobalSection
	GlobalSection(ProjectConfigurationPlatforms) = postSolution
		{31021D7D-A729-49D4-9341-507075221FD0}.Debug|Any CPU.ActiveCfg = Debug|Any CPU
		{31021D7D-A729-49D4-9341-507075221FD0}.Debug|Any CPU.Build.0 = Debug|Any CPU
		{31021D7D-A729-49D4-9341-507075221FD0}.Release|Any CPU.ActiveCfg = Release|Any CPU
		{31021D7D-A729-49D4-9341-507075221FD0}.Release|Any CPU.Build.0 = Release|Any CPU
	EndGlobalSection
	GlobalSection(SolutionProperties) = preSolution
		HideSolutionNode = FALSE
	EndGlobalSection
EndGlobal
