
Microsoft Visual Studio Solution File, Format Version 10.00
# Visual Studio 2008
Project("{FAE04EC0-301F-11D3-BF4B-00C04F79EFBC}") = "dgv undo~redo cs version", "dgv undo~redo cs version\dgv undo~redo cs version.csproj", "{AADFA1DD-D9C0-4CA5-B431-6E7EDB178FB6}"
EndProject
Global
	GlobalSection(SolutionConfigurationPlatforms) = preSolution
		Debug|Any CPU = Debug|Any CPU
		Release|Any CPU = Release|Any CPU
	EndGlobalSection
	GlobalSection(ProjectConfigurationPlatforms) = postSolution
		{AADFA1DD-D9C0-4CA5-B431-6E7EDB178FB6}.Debug|Any CPU.ActiveCfg = Debug|Any CPU
		{AADFA1DD-D9C0-4CA5-B431-6E7EDB178FB6}.Debug|Any CPU.Build.0 = Debug|Any CPU
		{AADFA1DD-D9C0-4CA5-B431-6E7EDB178FB6}.Release|Any CPU.ActiveCfg = Release|Any CPU
		{AADFA1DD-D9C0-4CA5-B431-6E7EDB178FB6}.Release|Any CPU.Build.0 = Release|Any CPU
	EndGlobalSection
	GlobalSection(SolutionProperties) = preSolution
		HideSolutionNode = FALSE
	EndGlobalSection
EndGlobal
