
Microsoft Visual Studio Solution File, Format Version 12.00
# Visual Studio 15
VisualStudioVersion = 15.0.27130.2027
MinimumVisualStudioVersion = 10.0.40219.1
Project("{F184B08F-C81C-45F6-A57F-5ABD9991F28F}") = "DataConnections", "TeamBaseLibrary\DataConnections.vbproj", "{426807D9-DF2A-40A4-A4C4-D914226FE9EB}"
EndProject
Project("{F184B08F-C81C-45F6-A57F-5ABD9991F28F}") = "DatabackEndLibrary", "DatabackEndLibrary\DatabackEndLibrary.vbproj", "{11BA38FD-23A3-49ED-BD82-42E1408B3D9E}"
EndProject
Project("{F184B08F-C81C-45F6-A57F-5ABD9991F28F}") = "DataTestProject", "DataTestProject\DataTestProject.vbproj", "{A835C7DC-9EC9-40A8-922D-B67541B877C1}"
EndProject
Project("{F184B08F-C81C-45F6-A57F-5ABD9991F28F}") = "WindowsApp1", "WindowsApp1\WindowsApp1.vbproj", "{0EC1AD9D-C449-487C-92D0-D5CA2D3A3035}"
EndProject
Project("{F184B08F-C81C-45F6-A57F-5ABD9991F28F}") = "ExceptionsLibrary", "ExceptionsLibrary\ExceptionsLibrary.vbproj", "{42CBEC69-4197-4E86-A633-55BD9A9C87E9}"
EndProject
Global
	GlobalSection(SolutionConfigurationPlatforms) = preSolution
		Debug|Any CPU = Debug|Any CPU
		Release|Any CPU = Release|Any CPU
	EndGlobalSection
	GlobalSection(ProjectConfigurationPlatforms) = postSolution
		{426807D9-DF2A-40A4-A4C4-D914226FE9EB}.Debug|Any CPU.ActiveCfg = Debug|Any CPU
		{426807D9-DF2A-40A4-A4C4-D914226FE9EB}.Debug|Any CPU.Build.0 = Debug|Any CPU
		{426807D9-DF2A-40A4-A4C4-D914226FE9EB}.Release|Any CPU.ActiveCfg = Release|Any CPU
		{426807D9-DF2A-40A4-A4C4-D914226FE9EB}.Release|Any CPU.Build.0 = Release|Any CPU
		{11BA38FD-23A3-49ED-BD82-42E1408B3D9E}.Debug|Any CPU.ActiveCfg = Debug|Any CPU
		{11BA38FD-23A3-49ED-BD82-42E1408B3D9E}.Debug|Any CPU.Build.0 = Debug|Any CPU
		{11BA38FD-23A3-49ED-BD82-42E1408B3D9E}.Release|Any CPU.ActiveCfg = Release|Any CPU
		{11BA38FD-23A3-49ED-BD82-42E1408B3D9E}.Release|Any CPU.Build.0 = Release|Any CPU
		{A835C7DC-9EC9-40A8-922D-B67541B877C1}.Debug|Any CPU.ActiveCfg = Debug|Any CPU
		{A835C7DC-9EC9-40A8-922D-B67541B877C1}.Debug|Any CPU.Build.0 = Debug|Any CPU
		{A835C7DC-9EC9-40A8-922D-B67541B877C1}.Release|Any CPU.ActiveCfg = Release|Any CPU
		{A835C7DC-9EC9-40A8-922D-B67541B877C1}.Release|Any CPU.Build.0 = Release|Any CPU
		{0EC1AD9D-C449-487C-92D0-D5CA2D3A3035}.Debug|Any CPU.ActiveCfg = Debug|Any CPU
		{0EC1AD9D-C449-487C-92D0-D5CA2D3A3035}.Debug|Any CPU.Build.0 = Debug|Any CPU
		{0EC1AD9D-C449-487C-92D0-D5CA2D3A3035}.Release|Any CPU.ActiveCfg = Release|Any CPU
		{0EC1AD9D-C449-487C-92D0-D5CA2D3A3035}.Release|Any CPU.Build.0 = Release|Any CPU
		{42CBEC69-4197-4E86-A633-55BD9A9C87E9}.Debug|Any CPU.ActiveCfg = Debug|Any CPU
		{42CBEC69-4197-4E86-A633-55BD9A9C87E9}.Debug|Any CPU.Build.0 = Debug|Any CPU
		{42CBEC69-4197-4E86-A633-55BD9A9C87E9}.Release|Any CPU.ActiveCfg = Release|Any CPU
		{42CBEC69-4197-4E86-A633-55BD9A9C87E9}.Release|Any CPU.Build.0 = Release|Any CPU
	EndGlobalSection
	GlobalSection(SolutionProperties) = preSolution
		HideSolutionNode = FALSE
	EndGlobalSection
	GlobalSection(ExtensibilityGlobals) = postSolution
		SolutionGuid = {0D4A594B-FB2B-4734-A920-D1A6CAF05ABD}
	EndGlobalSection
EndGlobal
