
Microsoft Visual Studio Solution File, Format Version 12.00
# Visual Studio 11
Project("{ECD6D718-D1CF-4119-97F3-97C25A0DFBF9}") = "Vision Clinic", "Vision Clinic\Vision Clinic.lsproj", "{34A67CBF-4141-4814-B2FC-EBC234AD7713}"
EndProject
Global
	GlobalSection(SolutionConfigurationPlatforms) = preSolution
		Debug|Any CPU = Debug|Any CPU
		Release|Any CPU = Release|Any CPU
	EndGlobalSection
	GlobalSection(ProjectConfigurationPlatforms) = postSolution
		{34A67CBF-4141-4814-B2FC-EBC234AD7713}.Debug|Any CPU.ActiveCfg = Debug|Any CPU
		{34A67CBF-4141-4814-B2FC-EBC234AD7713}.Debug|Any CPU.Build.0 = Debug|Any CPU
		{34A67CBF-4141-4814-B2FC-EBC234AD7713}.Release|Any CPU.ActiveCfg = Release|Any CPU
		{34A67CBF-4141-4814-B2FC-EBC234AD7713}.Release|Any CPU.Build.0 = Release|Any CPU
		{4C8778B8-2594-47F7-BC9C-46B5AFD7B50F}.Debug|Any CPU.ActiveCfg = Debug|Any CPU
		{4C8778B8-2594-47F7-BC9C-46B5AFD7B50F}.Debug|Any CPU.Build.0 = Debug|Any CPU
		{4C8778B8-2594-47F7-BC9C-46B5AFD7B50F}.Release|Any CPU.ActiveCfg = Release|Any CPU
		{4C8778B8-2594-47F7-BC9C-46B5AFD7B50F}.Release|Any CPU.Build.0 = Release|Any CPU
		{77DB54A7-0A1B-4806-AF6E-0837E1FC674C}.Debug|Any CPU.ActiveCfg = Debug|Any CPU
		{77DB54A7-0A1B-4806-AF6E-0837E1FC674C}.Debug|Any CPU.Build.0 = Debug|Any CPU
		{77DB54A7-0A1B-4806-AF6E-0837E1FC674C}.Release|Any CPU.ActiveCfg = Release|Any CPU
		{77DB54A7-0A1B-4806-AF6E-0837E1FC674C}.Release|Any CPU.Build.0 = Release|Any CPU
		{7E7AB4C4-6DA3-4EE1-BFAD-8A3C63738791}.Debug|Any CPU.ActiveCfg = Debug|Any CPU
		{7E7AB4C4-6DA3-4EE1-BFAD-8A3C63738791}.Debug|Any CPU.Build.0 = Debug|Any CPU
		{7E7AB4C4-6DA3-4EE1-BFAD-8A3C63738791}.Release|Any CPU.ActiveCfg = Release|Any CPU
		{7E7AB4C4-6DA3-4EE1-BFAD-8A3C63738791}.Release|Any CPU.Build.0 = Release|Any CPU
	EndGlobalSection
	GlobalSection(SolutionProperties) = preSolution
		HideSolutionNode = FALSE
	EndGlobalSection
EndGlobal
