
Microsoft Visual Studio Solution File, Format Version 12.00
# Visual Studio 14
VisualStudioVersion = 14.0.25420.1
MinimumVisualStudioVersion = 10.0.40219.1
Project("{FAE04EC0-301F-11D3-BF4B-00C04F79EFBC}") = "DependencyInjectionServices", "DependencyInjectionServices\DependencyInjectionServices.csproj", "{B5DF99FE-4E72-4BB5-97E2-5A39A71F1A08}"
EndProject
Project("{FAE04EC0-301F-11D3-BF4B-00C04F79EFBC}") = "DependencyInjectionConsoleApp", "DependencyInjectionConsoleApp\DependencyInjectionConsoleApp.csproj", "{0196EAD8-4DB9-4976-A7EB-D99AF4E986EB}"
EndProject
Global
	GlobalSection(SolutionConfigurationPlatforms) = preSolution
		Debug|Any CPU = Debug|Any CPU
		Release|Any CPU = Release|Any CPU
	EndGlobalSection
	GlobalSection(ProjectConfigurationPlatforms) = postSolution
		{B5DF99FE-4E72-4BB5-97E2-5A39A71F1A08}.Debug|Any CPU.ActiveCfg = Debug|Any CPU
		{B5DF99FE-4E72-4BB5-97E2-5A39A71F1A08}.Debug|Any CPU.Build.0 = Debug|Any CPU
		{B5DF99FE-4E72-4BB5-97E2-5A39A71F1A08}.Release|Any CPU.ActiveCfg = Release|Any CPU
		{B5DF99FE-4E72-4BB5-97E2-5A39A71F1A08}.Release|Any CPU.Build.0 = Release|Any CPU
		{0196EAD8-4DB9-4976-A7EB-D99AF4E986EB}.Debug|Any CPU.ActiveCfg = Debug|Any CPU
		{0196EAD8-4DB9-4976-A7EB-D99AF4E986EB}.Debug|Any CPU.Build.0 = Debug|Any CPU
		{0196EAD8-4DB9-4976-A7EB-D99AF4E986EB}.Release|Any CPU.ActiveCfg = Release|Any CPU
		{0196EAD8-4DB9-4976-A7EB-D99AF4E986EB}.Release|Any CPU.Build.0 = Release|Any CPU
	EndGlobalSection
	GlobalSection(SolutionProperties) = preSolution
		HideSolutionNode = FALSE
	EndGlobalSection
EndGlobal
