
Microsoft Visual Studio Solution File, Format Version 12.00
# Visual Studio 15
VisualStudioVersion = 15.0.27130.2010
MinimumVisualStudioVersion = 10.0.40219.1
Project("{FAE04EC0-301F-11D3-BF4B-00C04F79EFBC}") = "DataGridViewButtonLibrary", "DataGridViewButtonLibrary\DataGridViewButtonLibrary.csproj", "{477E40CC-10A1-4F2C-82FB-3C6C0230C2A6}"
EndProject
Project("{FAE04EC0-301F-11D3-BF4B-00C04F79EFBC}") = "TeamBaseLibrary", "TeamBaseLibrary\TeamBaseLibrary.csproj", "{65200499-A4C2-46FE-896B-68C347EF136D}"
EndProject
Project("{FAE04EC0-301F-11D3-BF4B-00C04F79EFBC}") = "SqlDataOperations", "SqlDataOperations\SqlDataOperations.csproj", "{8403A3E4-B9BA-47AE-9BF2-26A562BE3D1E}"
EndProject
Project("{FAE04EC0-301F-11D3-BF4B-00C04F79EFBC}") = "DataGridViewButtonExample", "DataGridViewButtonExample\DataGridViewButtonExample.csproj", "{31162FC7-31DE-4B24-B84F-1B1D457CCF7E}"
EndProject
Global
	GlobalSection(SolutionConfigurationPlatforms) = preSolution
		Debug|Any CPU = Debug|Any CPU
		Release|Any CPU = Release|Any CPU
	EndGlobalSection
	GlobalSection(ProjectConfigurationPlatforms) = postSolution
		{477E40CC-10A1-4F2C-82FB-3C6C0230C2A6}.Debug|Any CPU.ActiveCfg = Debug|Any CPU
		{477E40CC-10A1-4F2C-82FB-3C6C0230C2A6}.Debug|Any CPU.Build.0 = Debug|Any CPU
		{477E40CC-10A1-4F2C-82FB-3C6C0230C2A6}.Release|Any CPU.ActiveCfg = Release|Any CPU
		{477E40CC-10A1-4F2C-82FB-3C6C0230C2A6}.Release|Any CPU.Build.0 = Release|Any CPU
		{65200499-A4C2-46FE-896B-68C347EF136D}.Debug|Any CPU.ActiveCfg = Debug|Any CPU
		{65200499-A4C2-46FE-896B-68C347EF136D}.Debug|Any CPU.Build.0 = Debug|Any CPU
		{65200499-A4C2-46FE-896B-68C347EF136D}.Release|Any CPU.ActiveCfg = Release|Any CPU
		{65200499-A4C2-46FE-896B-68C347EF136D}.Release|Any CPU.Build.0 = Release|Any CPU
		{8403A3E4-B9BA-47AE-9BF2-26A562BE3D1E}.Debug|Any CPU.ActiveCfg = Debug|Any CPU
		{8403A3E4-B9BA-47AE-9BF2-26A562BE3D1E}.Debug|Any CPU.Build.0 = Debug|Any CPU
		{8403A3E4-B9BA-47AE-9BF2-26A562BE3D1E}.Release|Any CPU.ActiveCfg = Release|Any CPU
		{8403A3E4-B9BA-47AE-9BF2-26A562BE3D1E}.Release|Any CPU.Build.0 = Release|Any CPU
		{31162FC7-31DE-4B24-B84F-1B1D457CCF7E}.Debug|Any CPU.ActiveCfg = Debug|Any CPU
		{31162FC7-31DE-4B24-B84F-1B1D457CCF7E}.Debug|Any CPU.Build.0 = Debug|Any CPU
		{31162FC7-31DE-4B24-B84F-1B1D457CCF7E}.Release|Any CPU.ActiveCfg = Release|Any CPU
		{31162FC7-31DE-4B24-B84F-1B1D457CCF7E}.Release|Any CPU.Build.0 = Release|Any CPU
	EndGlobalSection
	GlobalSection(SolutionProperties) = preSolution
		HideSolutionNode = FALSE
	EndGlobalSection
	GlobalSection(ExtensibilityGlobals) = postSolution
		SolutionGuid = {1EAB71E9-592A-4CAD-8641-EE7BD4D395E0}
	EndGlobalSection
EndGlobal
