
Microsoft Visual Studio Solution File, Format Version 12.00
# Visual Studio 2012
Project("{F184B08F-C81C-45F6-A57F-5ABD9991F28F}") = "WithDataAdapter", "WithDataAdapter.vbproj", "{F5F9D1A4-2712-47B6-995E-05A10A961A7C}"
EndProject
Project("{F184B08F-C81C-45F6-A57F-5ABD9991F28F}") = "ExcelUsingDataAdapter", "..\ExcelUsingDataAdapter\ExcelUsingDataAdapter.vbproj", "{ED07F331-4AC7-4478-B6D1-30A3B0C84C03}"
EndProject
Global
	GlobalSection(SolutionConfigurationPlatforms) = preSolution
		Debug|Any CPU = Debug|Any CPU
		Debug|Mixed Platforms = Debug|Mixed Platforms
		Debug|x86 = Debug|x86
		Release|Any CPU = Release|Any CPU
		Release|Mixed Platforms = Release|Mixed Platforms
		Release|x86 = Release|x86
	EndGlobalSection
	GlobalSection(ProjectConfigurationPlatforms) = postSolution
		{F5F9D1A4-2712-47B6-995E-05A10A961A7C}.Debug|Any CPU.ActiveCfg = Debug|x86
		{F5F9D1A4-2712-47B6-995E-05A10A961A7C}.Debug|Mixed Platforms.ActiveCfg = Debug|x86
		{F5F9D1A4-2712-47B6-995E-05A10A961A7C}.Debug|Mixed Platforms.Build.0 = Debug|x86
		{F5F9D1A4-2712-47B6-995E-05A10A961A7C}.Debug|x86.ActiveCfg = Debug|x86
		{F5F9D1A4-2712-47B6-995E-05A10A961A7C}.Debug|x86.Build.0 = Debug|x86
		{F5F9D1A4-2712-47B6-995E-05A10A961A7C}.Release|Any CPU.ActiveCfg = Release|x86
		{F5F9D1A4-2712-47B6-995E-05A10A961A7C}.Release|Mixed Platforms.ActiveCfg = Release|x86
		{F5F9D1A4-2712-47B6-995E-05A10A961A7C}.Release|Mixed Platforms.Build.0 = Release|x86
		{F5F9D1A4-2712-47B6-995E-05A10A961A7C}.Release|x86.ActiveCfg = Release|x86
		{F5F9D1A4-2712-47B6-995E-05A10A961A7C}.Release|x86.Build.0 = Release|x86
		{ED07F331-4AC7-4478-B6D1-30A3B0C84C03}.Debug|Any CPU.ActiveCfg = Debug|Any CPU
		{ED07F331-4AC7-4478-B6D1-30A3B0C84C03}.Debug|Any CPU.Build.0 = Debug|Any CPU
		{ED07F331-4AC7-4478-B6D1-30A3B0C84C03}.Debug|Mixed Platforms.ActiveCfg = Debug|Any CPU
		{ED07F331-4AC7-4478-B6D1-30A3B0C84C03}.Debug|Mixed Platforms.Build.0 = Debug|Any CPU
		{ED07F331-4AC7-4478-B6D1-30A3B0C84C03}.Debug|x86.ActiveCfg = Debug|Any CPU
		{ED07F331-4AC7-4478-B6D1-30A3B0C84C03}.Release|Any CPU.ActiveCfg = Release|Any CPU
		{ED07F331-4AC7-4478-B6D1-30A3B0C84C03}.Release|Any CPU.Build.0 = Release|Any CPU
		{ED07F331-4AC7-4478-B6D1-30A3B0C84C03}.Release|Mixed Platforms.ActiveCfg = Release|Any CPU
		{ED07F331-4AC7-4478-B6D1-30A3B0C84C03}.Release|Mixed Platforms.Build.0 = Release|Any CPU
		{ED07F331-4AC7-4478-B6D1-30A3B0C84C03}.Release|x86.ActiveCfg = Release|Any CPU
	EndGlobalSection
	GlobalSection(SolutionProperties) = preSolution
		HideSolutionNode = FALSE
	EndGlobalSection
EndGlobal
