
Microsoft Visual Studio Solution File, Format Version 12.00
# Visual Studio 2012
Project("{FAE04EC0-301F-11D3-BF4B-00C04F79EFBC}") = "ExportExcelByAjax", "ExportExcelByAjax\ExportExcelByAjax.csproj", "{4DC593CD-8D5A-467C-8225-FCE7C34DDBA7}"
EndProject
Project("{FAE04EC0-301F-11D3-BF4B-00C04F79EFBC}") = "ExportExcelByAjaxInMvc", "ExportExcelByAjaxInMvc\ExportExcelByAjaxInMvc.csproj", "{0B447E27-F5DC-4767-BAF5-ED925E79BEF6}"
EndProject
Global
	GlobalSection(SolutionConfigurationPlatforms) = preSolution
		Debug|Any CPU = Debug|Any CPU
		Release|Any CPU = Release|Any CPU
	EndGlobalSection
	GlobalSection(ProjectConfigurationPlatforms) = postSolution
		{4DC593CD-8D5A-467C-8225-FCE7C34DDBA7}.Debug|Any CPU.ActiveCfg = Debug|Any CPU
		{4DC593CD-8D5A-467C-8225-FCE7C34DDBA7}.Debug|Any CPU.Build.0 = Debug|Any CPU
		{4DC593CD-8D5A-467C-8225-FCE7C34DDBA7}.Release|Any CPU.ActiveCfg = Release|Any CPU
		{4DC593CD-8D5A-467C-8225-FCE7C34DDBA7}.Release|Any CPU.Build.0 = Release|Any CPU
		{0B447E27-F5DC-4767-BAF5-ED925E79BEF6}.Debug|Any CPU.ActiveCfg = Debug|Any CPU
		{0B447E27-F5DC-4767-BAF5-ED925E79BEF6}.Debug|Any CPU.Build.0 = Debug|Any CPU
		{0B447E27-F5DC-4767-BAF5-ED925E79BEF6}.Release|Any CPU.ActiveCfg = Release|Any CPU
		{0B447E27-F5DC-4767-BAF5-ED925E79BEF6}.Release|Any CPU.Build.0 = Release|Any CPU
	EndGlobalSection
	GlobalSection(SolutionProperties) = preSolution
		HideSolutionNode = FALSE
	EndGlobalSection
EndGlobal
