
Microsoft Visual Studio Solution File, Format Version 11.00
# Visual Studio 2010
Project("{159641D6-6404-4A2A-AE62-294DE0FE8301}") = "Lookup with cache file", "Lookup with cache file.dtproj", "{2B518534-0D02-4A44-AE48-7499BDD73D95}"
EndProject
Global
	GlobalSection(SolutionConfigurationPlatforms) = preSolution
		Development|Default = Development|Default
	EndGlobalSection
	GlobalSection(ProjectConfigurationPlatforms) = postSolution
		{2B518534-0D02-4A44-AE48-7499BDD73D95}.Development|Default.ActiveCfg = Development
		{2B518534-0D02-4A44-AE48-7499BDD73D95}.Development|Default.Build.0 = Development
	EndGlobalSection
	GlobalSection(SolutionProperties) = preSolution
		HideSolutionNode = FALSE
	EndGlobalSection
EndGlobal
