
Microsoft Visual Studio Solution File, Format Version 12.00
# Visual Studio 14
VisualStudioVersion = 14.0.23107.0
MinimumVisualStudioVersion = 10.0.40219.1
Project("{FAE04EC0-301F-11D3-BF4B-00C04F79EFBC}") = "Extended DGV Demo3 cs", "Extended DGV Demo3 cs\Extended DGV Demo3 cs.csproj", "{C845311C-8ABF-470A-BBE6-CE3591897C3C}"
EndProject
Project("{FAE04EC0-301F-11D3-BF4B-00C04F79EFBC}") = "ExtendedDataGridViewCS", "ExtendedDatagridViewCS\ExtendedDataGridViewCS.csproj", "{025B7A07-379E-44E6-BE1C-CB1E7C5B559D}"
EndProject
Global
	GlobalSection(SolutionConfigurationPlatforms) = preSolution
		Debug|Any CPU = Debug|Any CPU
		Release|Any CPU = Release|Any CPU
	EndGlobalSection
	GlobalSection(ProjectConfigurationPlatforms) = postSolution
		{C845311C-8ABF-470A-BBE6-CE3591897C3C}.Debug|Any CPU.ActiveCfg = Debug|Any CPU
		{C845311C-8ABF-470A-BBE6-CE3591897C3C}.Debug|Any CPU.Build.0 = Debug|Any CPU
		{C845311C-8ABF-470A-BBE6-CE3591897C3C}.Release|Any CPU.ActiveCfg = Release|Any CPU
		{C845311C-8ABF-470A-BBE6-CE3591897C3C}.Release|Any CPU.Build.0 = Release|Any CPU
		{025B7A07-379E-44E6-BE1C-CB1E7C5B559D}.Debug|Any CPU.ActiveCfg = Debug|Any CPU
		{025B7A07-379E-44E6-BE1C-CB1E7C5B559D}.Debug|Any CPU.Build.0 = Debug|Any CPU
		{025B7A07-379E-44E6-BE1C-CB1E7C5B559D}.Release|Any CPU.ActiveCfg = Release|Any CPU
		{025B7A07-379E-44E6-BE1C-CB1E7C5B559D}.Release|Any CPU.Build.0 = Release|Any CPU
	EndGlobalSection
	GlobalSection(SolutionProperties) = preSolution
		HideSolutionNode = FALSE
	EndGlobalSection
EndGlobal
