
Microsoft Visual Studio Solution File, Format Version 10.00
# Visual Studio 2008
Project("{FAE04EC0-301F-11D3-BF4B-00C04F79EFBC}") = "WebSharingAppDemo-SqlProviderEndToEnd", "WebSharingAppDemo-SqlProviderEndToEnd.csproj", "{4D04C367-A2AC-4088-B6A3-25C2568F2932}"
EndProject
Project("{FAE04EC0-301F-11D3-BF4B-00C04F79EFBC}") = "WebSyncContract", "WebSyncContract\WebSyncContract\WebSyncContract.csproj", "{EF86D538-AC52-4CEB-AC88-98E23E36E081}"
EndProject
Project("{FAE04EC0-301F-11D3-BF4B-00C04F79EFBC}") = "CommonUtils", "CommonUtils\CommonUtils.csproj", "{20ED40E9-7AF3-46D9-9599-893550C136E8}"
EndProject
Global
	GlobalSection(SolutionConfigurationPlatforms) = preSolution
		Debug|Any CPU = Debug|Any CPU
		Release|Any CPU = Release|Any CPU
	EndGlobalSection
	GlobalSection(ProjectConfigurationPlatforms) = postSolution
		{4D04C367-A2AC-4088-B6A3-25C2568F2932}.Debug|Any CPU.ActiveCfg = Debug|Any CPU
		{4D04C367-A2AC-4088-B6A3-25C2568F2932}.Debug|Any CPU.Build.0 = Debug|Any CPU
		{4D04C367-A2AC-4088-B6A3-25C2568F2932}.Release|Any CPU.ActiveCfg = Release|Any CPU
		{4D04C367-A2AC-4088-B6A3-25C2568F2932}.Release|Any CPU.Build.0 = Release|Any CPU
		{EF86D538-AC52-4CEB-AC88-98E23E36E081}.Debug|Any CPU.ActiveCfg = Debug|Any CPU
		{EF86D538-AC52-4CEB-AC88-98E23E36E081}.Debug|Any CPU.Build.0 = Debug|Any CPU
		{EF86D538-AC52-4CEB-AC88-98E23E36E081}.Release|Any CPU.ActiveCfg = Release|Any CPU
		{EF86D538-AC52-4CEB-AC88-98E23E36E081}.Release|Any CPU.Build.0 = Release|Any CPU
		{20ED40E9-7AF3-46D9-9599-893550C136E8}.Debug|Any CPU.ActiveCfg = Debug|Any CPU
		{20ED40E9-7AF3-46D9-9599-893550C136E8}.Debug|Any CPU.Build.0 = Debug|Any CPU
		{20ED40E9-7AF3-46D9-9599-893550C136E8}.Release|Any CPU.ActiveCfg = Release|Any CPU
		{20ED40E9-7AF3-46D9-9599-893550C136E8}.Release|Any CPU.Build.0 = Release|Any CPU
	EndGlobalSection
	GlobalSection(SolutionProperties) = preSolution
		HideSolutionNode = FALSE
	EndGlobalSection
EndGlobal
