
Microsoft Visual Studio Solution File, Format Version 12.00
# Visual Studio 2012
Project("{FAE04EC0-301F-11D3-BF4B-00C04F79EFBC}") = "DataTemplateBindingSample", "DataTemplateBindingSample\DataTemplateBindingSample.csproj", "{9A7F2A3F-40CE-4F9B-A08F-468989207505}"
EndProject
Global
	GlobalSection(SolutionConfigurationPlatforms) = preSolution
		Debug|Any CPU = Debug|Any CPU
		Release|Any CPU = Release|Any CPU
	EndGlobalSection
	GlobalSection(ProjectConfigurationPlatforms) = postSolution
		{9A7F2A3F-40CE-4F9B-A08F-468989207505}.Debug|Any CPU.ActiveCfg = Debug|Any CPU
		{9A7F2A3F-40CE-4F9B-A08F-468989207505}.Debug|Any CPU.Build.0 = Debug|Any CPU
		{9A7F2A3F-40CE-4F9B-A08F-468989207505}.Release|Any CPU.ActiveCfg = Release|Any CPU
		{9A7F2A3F-40CE-4F9B-A08F-468989207505}.Release|Any CPU.Build.0 = Release|Any CPU
	EndGlobalSection
	GlobalSection(SolutionProperties) = preSolution
		HideSolutionNode = FALSE
	EndGlobalSection
EndGlobal
