
Microsoft Visual Studio Solution File, Format Version 12.00
# Visual Studio 2012
Project("{FAE04EC0-301F-11D3-BF4B-00C04F79EFBC}") = "TestJqGrid", "TestJqGrid\TestJqGrid.csproj", "{F4E6A211-B5EE-4DFF-BA9C-BD0E3E42EA14}"
EndProject
Global
	GlobalSection(SolutionConfigurationPlatforms) = preSolution
		Debug|Any CPU = Debug|Any CPU
		Release|Any CPU = Release|Any CPU
	EndGlobalSection
	GlobalSection(ProjectConfigurationPlatforms) = postSolution
		{F4E6A211-B5EE-4DFF-BA9C-BD0E3E42EA14}.Debug|Any CPU.ActiveCfg = Debug|Any CPU
		{F4E6A211-B5EE-4DFF-BA9C-BD0E3E42EA14}.Debug|Any CPU.Build.0 = Debug|Any CPU
		{F4E6A211-B5EE-4DFF-BA9C-BD0E3E42EA14}.Release|Any CPU.ActiveCfg = Release|Any CPU
		{F4E6A211-B5EE-4DFF-BA9C-BD0E3E42EA14}.Release|Any CPU.Build.0 = Release|Any CPU
	EndGlobalSection
	GlobalSection(SolutionProperties) = preSolution
		HideSolutionNode = FALSE
	EndGlobalSection
EndGlobal
