
Microsoft Visual Studio Solution File, Format Version 11.00
# Visual Studio 2010
Project("{159641D6-6404-4A2A-AE62-294DE0FE8301}") = "Execute SQL Task + Foreach Loop", "Execute SQL Task + Foreach Loop\Execute SQL Task + Foreach Loop.dtproj", "{381F9DD8-CBB4-4F3A-86B8-75CCA473FB80}"
EndProject
Global
	GlobalSection(SolutionConfigurationPlatforms) = preSolution
		Development|Default = Development|Default
	EndGlobalSection
	GlobalSection(ProjectConfigurationPlatforms) = postSolution
		{381F9DD8-CBB4-4F3A-86B8-75CCA473FB80}.Development|Default.ActiveCfg = Development
		{381F9DD8-CBB4-4F3A-86B8-75CCA473FB80}.Development|Default.Build.0 = Development
	EndGlobalSection
	GlobalSection(SolutionProperties) = preSolution
		HideSolutionNode = FALSE
	EndGlobalSection
EndGlobal
