
Microsoft Visual Studio Solution File, Format Version 11.00
# Visual Studio 2010
Project("{F184B08F-C81C-45F6-A57F-5ABD9991F28F}") = "SHANU_EPTR_V1.0", "SHANU_EPTR_V1.0\SHANU_EPTR_V1.0.vbproj", "{5952A946-FC65-473F-9801-9B8AE8B02BD3}"
EndProject
Global
	GlobalSection(SolutionConfigurationPlatforms) = preSolution
		Debug|x86 = Debug|x86
		Release|x86 = Release|x86
	EndGlobalSection
	GlobalSection(ProjectConfigurationPlatforms) = postSolution
		{5952A946-FC65-473F-9801-9B8AE8B02BD3}.Debug|x86.ActiveCfg = Debug|x86
		{5952A946-FC65-473F-9801-9B8AE8B02BD3}.Debug|x86.Build.0 = Debug|x86
		{5952A946-FC65-473F-9801-9B8AE8B02BD3}.Release|x86.ActiveCfg = Release|x86
		{5952A946-FC65-473F-9801-9B8AE8B02BD3}.Release|x86.Build.0 = Release|x86
	EndGlobalSection
	GlobalSection(SolutionProperties) = preSolution
		HideSolutionNode = FALSE
	EndGlobalSection
EndGlobal
