
Microsoft Visual Studio Solution File, Format Version 11.00
# Visual Studio 2010
Project("{FAE04EC0-301F-11D3-BF4B-00C04F79EFBC}") = "MvcMovie", "MvcMovie\MvcMovie.csproj", "{51DF8384-476A-4E20-A09F-546CB9E8834D}"
EndProject
Global
	GlobalSection(SolutionConfigurationPlatforms) = preSolution
		Debug|Any CPU = Debug|Any CPU
		Release|Any CPU = Release|Any CPU
	EndGlobalSection
	GlobalSection(ProjectConfigurationPlatforms) = postSolution
		{51DF8384-476A-4E20-A09F-546CB9E8834D}.Debug|Any CPU.ActiveCfg = Debug|Any CPU
		{51DF8384-476A-4E20-A09F-546CB9E8834D}.Debug|Any CPU.Build.0 = Debug|Any CPU
		{51DF8384-476A-4E20-A09F-546CB9E8834D}.Release|Any CPU.ActiveCfg = Release|Any CPU
		{51DF8384-476A-4E20-A09F-546CB9E8834D}.Release|Any CPU.Build.0 = Release|Any CPU
	EndGlobalSection
	GlobalSection(SolutionProperties) = preSolution
		HideSolutionNode = FALSE
	EndGlobalSection
EndGlobal
