
Microsoft Visual Studio Solution File, Format Version 11.00
# Visual Studio 2010
Project("{FAE04EC0-301F-11D3-BF4B-00C04F79EFBC}") = "JumpListHelpers", "JumpListHelpers\JumpListHelpers.csproj", "{4BFF1C22-01E4-4557-BFD6-F24325615599}"
EndProject
Project("{FAE04EC0-301F-11D3-BF4B-00C04F79EFBC}") = "JumpListManagerExample", "JumpListManagerExample\JumpListManagerExample.csproj", "{0B24CBB5-BBB8-47BD-9638-7AEF5670BB40}"
EndProject
Global
	GlobalSection(SolutionConfigurationPlatforms) = preSolution
		Debug|Any CPU = Debug|Any CPU
		Debug|Mixed Platforms = Debug|Mixed Platforms
		Debug|x86 = Debug|x86
		Release|Any CPU = Release|Any CPU
		Release|Mixed Platforms = Release|Mixed Platforms
		Release|x86 = Release|x86
	EndGlobalSection
	GlobalSection(ProjectConfigurationPlatforms) = postSolution
		{4BFF1C22-01E4-4557-BFD6-F24325615599}.Debug|Any CPU.ActiveCfg = Debug|Any CPU
		{4BFF1C22-01E4-4557-BFD6-F24325615599}.Debug|Any CPU.Build.0 = Debug|Any CPU
		{4BFF1C22-01E4-4557-BFD6-F24325615599}.Debug|Mixed Platforms.ActiveCfg = Debug|Any CPU
		{4BFF1C22-01E4-4557-BFD6-F24325615599}.Debug|Mixed Platforms.Build.0 = Debug|Any CPU
		{4BFF1C22-01E4-4557-BFD6-F24325615599}.Debug|x86.ActiveCfg = Debug|Any CPU
		{4BFF1C22-01E4-4557-BFD6-F24325615599}.Release|Any CPU.ActiveCfg = Release|Any CPU
		{4BFF1C22-01E4-4557-BFD6-F24325615599}.Release|Any CPU.Build.0 = Release|Any CPU
		{4BFF1C22-01E4-4557-BFD6-F24325615599}.Release|Mixed Platforms.ActiveCfg = Release|Any CPU
		{4BFF1C22-01E4-4557-BFD6-F24325615599}.Release|Mixed Platforms.Build.0 = Release|Any CPU
		{4BFF1C22-01E4-4557-BFD6-F24325615599}.Release|x86.ActiveCfg = Release|Any CPU
		{0B24CBB5-BBB8-47BD-9638-7AEF5670BB40}.Debug|Any CPU.ActiveCfg = Debug|x86
		{0B24CBB5-BBB8-47BD-9638-7AEF5670BB40}.Debug|Mixed Platforms.ActiveCfg = Debug|x86
		{0B24CBB5-BBB8-47BD-9638-7AEF5670BB40}.Debug|Mixed Platforms.Build.0 = Debug|x86
		{0B24CBB5-BBB8-47BD-9638-7AEF5670BB40}.Debug|x86.ActiveCfg = Debug|x86
		{0B24CBB5-BBB8-47BD-9638-7AEF5670BB40}.Debug|x86.Build.0 = Debug|x86
		{0B24CBB5-BBB8-47BD-9638-7AEF5670BB40}.Release|Any CPU.ActiveCfg = Release|x86
		{0B24CBB5-BBB8-47BD-9638-7AEF5670BB40}.Release|Mixed Platforms.ActiveCfg = Release|x86
		{0B24CBB5-BBB8-47BD-9638-7AEF5670BB40}.Release|Mixed Platforms.Build.0 = Release|x86
		{0B24CBB5-BBB8-47BD-9638-7AEF5670BB40}.Release|x86.ActiveCfg = Release|x86
		{0B24CBB5-BBB8-47BD-9638-7AEF5670BB40}.Release|x86.Build.0 = Release|x86
	EndGlobalSection
	GlobalSection(SolutionProperties) = preSolution
		HideSolutionNode = FALSE
	EndGlobalSection
EndGlobal
