
Microsoft Visual Studio Solution File, Format Version 12.00
# Visual Studio 2012
Project("{2150E333-8FDC-42A3-9474-1A3956D46DE8}") = "1 - Data", "1 - Data", "{57539765-0DA4-4507-B093-4FAC4755E505}"
EndProject
Project("{FAE04EC0-301F-11D3-BF4B-00C04F79EFBC}") = "Repository", "Repository\Repository.csproj", "{F92DD2A8-11D7-4F9B-B05B-DAC00AAF1757}"
EndProject
Project("{FAE04EC0-301F-11D3-BF4B-00C04F79EFBC}") = "Repository.UnitTest", "Respository.UnitTest\Repository.UnitTest.csproj", "{8A5322E0-6062-4AE2-AA19-6CC6BF795C9D}"
EndProject
Global
	GlobalSection(SolutionConfigurationPlatforms) = preSolution
		Debug|Any CPU = Debug|Any CPU
		Release|Any CPU = Release|Any CPU
	EndGlobalSection
	GlobalSection(ProjectConfigurationPlatforms) = postSolution
		{F92DD2A8-11D7-4F9B-B05B-DAC00AAF1757}.Debug|Any CPU.ActiveCfg = Debug|Any CPU
		{F92DD2A8-11D7-4F9B-B05B-DAC00AAF1757}.Debug|Any CPU.Build.0 = Debug|Any CPU
		{F92DD2A8-11D7-4F9B-B05B-DAC00AAF1757}.Release|Any CPU.ActiveCfg = Release|Any CPU
		{F92DD2A8-11D7-4F9B-B05B-DAC00AAF1757}.Release|Any CPU.Build.0 = Release|Any CPU
		{8A5322E0-6062-4AE2-AA19-6CC6BF795C9D}.Debug|Any CPU.ActiveCfg = Debug|Any CPU
		{8A5322E0-6062-4AE2-AA19-6CC6BF795C9D}.Debug|Any CPU.Build.0 = Debug|Any CPU
		{8A5322E0-6062-4AE2-AA19-6CC6BF795C9D}.Release|Any CPU.ActiveCfg = Release|Any CPU
		{8A5322E0-6062-4AE2-AA19-6CC6BF795C9D}.Release|Any CPU.Build.0 = Release|Any CPU
	EndGlobalSection
	GlobalSection(SolutionProperties) = preSolution
		HideSolutionNode = FALSE
	EndGlobalSection
	GlobalSection(NestedProjects) = preSolution
		{F92DD2A8-11D7-4F9B-B05B-DAC00AAF1757} = {57539765-0DA4-4507-B093-4FAC4755E505}
		{8A5322E0-6062-4AE2-AA19-6CC6BF795C9D} = {57539765-0DA4-4507-B093-4FAC4755E505}
	EndGlobalSection
EndGlobal
