
Microsoft Visual Studio Solution File, Format Version 12.00
# Visual Studio 2012
Project("{FAE04EC0-301F-11D3-BF4B-00C04F79EFBC}") = "AsyncSocketServer", "AsyncSocketServer\AsyncSocketServer.csproj", "{5DDB575F-A627-4A25-A8B2-19A23EE63A46}"
EndProject
Global
	GlobalSection(SolutionConfigurationPlatforms) = preSolution
		Debug|Any CPU = Debug|Any CPU
		Release|Any CPU = Release|Any CPU
	EndGlobalSection
	GlobalSection(ProjectConfigurationPlatforms) = postSolution
		{5DDB575F-A627-4A25-A8B2-19A23EE63A46}.Debug|Any CPU.ActiveCfg = Debug|Any CPU
		{5DDB575F-A627-4A25-A8B2-19A23EE63A46}.Debug|Any CPU.Build.0 = Debug|Any CPU
		{5DDB575F-A627-4A25-A8B2-19A23EE63A46}.Release|Any CPU.ActiveCfg = Release|Any CPU
		{5DDB575F-A627-4A25-A8B2-19A23EE63A46}.Release|Any CPU.Build.0 = Release|Any CPU
	EndGlobalSection
	GlobalSection(SolutionProperties) = preSolution
		HideSolutionNode = FALSE
	EndGlobalSection
EndGlobal
