
Microsoft Visual Studio Solution File, Format Version 9.00
# Visual Studio 2005
Project("{FAE04EC0-301F-11D3-BF4B-00C04F79EFBC}") = "FileSyncProviderSample", "FileSyncProviderSample.csproj", "{AF969B88-C682-4077-9F4B-76DAC21A609B}"
EndProject
Global
	GlobalSection(SolutionConfigurationPlatforms) = preSolution
		Debug|Any CPU = Debug|Any CPU
		Release|Any CPU = Release|Any CPU
	EndGlobalSection
	GlobalSection(ProjectConfigurationPlatforms) = postSolution
		{AF969B88-C682-4077-9F4B-76DAC21A609B}.Debug|Any CPU.ActiveCfg = Debug|Any CPU
		{AF969B88-C682-4077-9F4B-76DAC21A609B}.Debug|Any CPU.Build.0 = Debug|Any CPU
		{AF969B88-C682-4077-9F4B-76DAC21A609B}.Release|Any CPU.ActiveCfg = Release|Any CPU
		{AF969B88-C682-4077-9F4B-76DAC21A609B}.Release|Any CPU.Build.0 = Release|Any CPU
	EndGlobalSection
	GlobalSection(SolutionProperties) = preSolution
		HideSolutionNode = FALSE
	EndGlobalSection
EndGlobal
