
Microsoft Visual Studio Solution File, Format Version 12.00
# Visual Studio 2012
Project("{FAE04EC0-301F-11D3-BF4B-00C04F79EFBC}") = "WebSocket.JS", "WebSocket.JS\WebSocket.JS.csproj", "{2DF24E40-0F4D-4CD5-A026-53F980E3272B}"
EndProject
Global
	GlobalSection(SolutionConfigurationPlatforms) = preSolution
		Debug|Any CPU = Debug|Any CPU
		Release|Any CPU = Release|Any CPU
	EndGlobalSection
	GlobalSection(ProjectConfigurationPlatforms) = postSolution
		{2DF24E40-0F4D-4CD5-A026-53F980E3272B}.Debug|Any CPU.ActiveCfg = Debug|Any CPU
		{2DF24E40-0F4D-4CD5-A026-53F980E3272B}.Debug|Any CPU.Build.0 = Debug|Any CPU
		{2DF24E40-0F4D-4CD5-A026-53F980E3272B}.Release|Any CPU.ActiveCfg = Release|Any CPU
		{2DF24E40-0F4D-4CD5-A026-53F980E3272B}.Release|Any CPU.Build.0 = Release|Any CPU
	EndGlobalSection
	GlobalSection(SolutionProperties) = preSolution
		HideSolutionNode = FALSE
	EndGlobalSection
EndGlobal
