
Microsoft Visual Studio Solution File, Format Version 11.00
# Visual Studio 2010
Project("{FAE04EC0-301F-11D3-BF4B-00C04F79EFBC}") = "D3Graphs_Charts", "D3Graphs_Charts\D3Graphs_Charts.csproj", "{A62732DB-8471-4A8E-BE2C-E4C3E93C2F1B}"
EndProject
Global
	GlobalSection(SolutionConfigurationPlatforms) = preSolution
		Debug|Any CPU = Debug|Any CPU
		Release|Any CPU = Release|Any CPU
	EndGlobalSection
	GlobalSection(ProjectConfigurationPlatforms) = postSolution
		{A62732DB-8471-4A8E-BE2C-E4C3E93C2F1B}.Debug|Any CPU.ActiveCfg = Debug|Any CPU
		{A62732DB-8471-4A8E-BE2C-E4C3E93C2F1B}.Debug|Any CPU.Build.0 = Debug|Any CPU
		{A62732DB-8471-4A8E-BE2C-E4C3E93C2F1B}.Release|Any CPU.ActiveCfg = Release|Any CPU
		{A62732DB-8471-4A8E-BE2C-E4C3E93C2F1B}.Release|Any CPU.Build.0 = Release|Any CPU
	EndGlobalSection
	GlobalSection(SolutionProperties) = preSolution
		HideSolutionNode = FALSE
	EndGlobalSection
EndGlobal
