
Microsoft Visual Studio Solution File, Format Version 12.00
# Visual Studio 2012
Project("{FAE04EC0-301F-11D3-BF4B-00C04F79EFBC}") = "WebStorageWebApp", "WebStorageWebApp\WebStorageWebApp.csproj", "{AD41B2E1-AA48-4D7B-9833-49F8BE8458FA}"
EndProject
Global
	GlobalSection(SolutionConfigurationPlatforms) = preSolution
		Debug|Any CPU = Debug|Any CPU
		Release|Any CPU = Release|Any CPU
	EndGlobalSection
	GlobalSection(ProjectConfigurationPlatforms) = postSolution
		{AD41B2E1-AA48-4D7B-9833-49F8BE8458FA}.Debug|Any CPU.ActiveCfg = Debug|Any CPU
		{AD41B2E1-AA48-4D7B-9833-49F8BE8458FA}.Debug|Any CPU.Build.0 = Debug|Any CPU
		{AD41B2E1-AA48-4D7B-9833-49F8BE8458FA}.Release|Any CPU.ActiveCfg = Release|Any CPU
		{AD41B2E1-AA48-4D7B-9833-49F8BE8458FA}.Release|Any CPU.Build.0 = Release|Any CPU
	EndGlobalSection
	GlobalSection(SolutionProperties) = preSolution
		HideSolutionNode = FALSE
	EndGlobalSection
EndGlobal
