
Microsoft Visual Studio Solution File, Format Version 12.00
# Visual Studio 2012
Project("{F184B08F-C81C-45F6-A57F-5ABD9991F28F}") = "MasaSam.Forms.Controls", "MasaSam.Forms.Controls\MasaSam.Forms.Controls.vbproj", "{A37365BE-2593-47B7-8F95-82E7209D0C31}"
EndProject
Project("{F184B08F-C81C-45F6-A57F-5ABD9991F28F}") = "MasaSam.Forms.Sample", "MasaSam.Forms.Sample\MasaSam.Forms.Sample.vbproj", "{AE2A260B-7821-4E97-A843-D96814954527}"
EndProject
Global
	GlobalSection(SolutionConfigurationPlatforms) = preSolution
		Debug|Any CPU = Debug|Any CPU
		Release|Any CPU = Release|Any CPU
	EndGlobalSection
	GlobalSection(ProjectConfigurationPlatforms) = postSolution
		{A37365BE-2593-47B7-8F95-82E7209D0C31}.Debug|Any CPU.ActiveCfg = Debug|Any CPU
		{A37365BE-2593-47B7-8F95-82E7209D0C31}.Debug|Any CPU.Build.0 = Debug|Any CPU
		{A37365BE-2593-47B7-8F95-82E7209D0C31}.Release|Any CPU.ActiveCfg = Release|Any CPU
		{A37365BE-2593-47B7-8F95-82E7209D0C31}.Release|Any CPU.Build.0 = Release|Any CPU
		{AE2A260B-7821-4E97-A843-D96814954527}.Debug|Any CPU.ActiveCfg = Debug|Any CPU
		{AE2A260B-7821-4E97-A843-D96814954527}.Debug|Any CPU.Build.0 = Debug|Any CPU
		{AE2A260B-7821-4E97-A843-D96814954527}.Release|Any CPU.ActiveCfg = Release|Any CPU
		{AE2A260B-7821-4E97-A843-D96814954527}.Release|Any CPU.Build.0 = Release|Any CPU
	EndGlobalSection
	GlobalSection(SolutionProperties) = preSolution
		HideSolutionNode = FALSE
	EndGlobalSection
EndGlobal
