
Microsoft Visual Studio Solution File, Format Version 11.00
# Visual Studio 2010
Project("{159641D6-6404-4A2A-AE62-294DE0FE8301}") = "DataflowFileToFile", "DataflowFileToFile.dtproj", "{30C40BD6-D58E-4666-A762-407B7D5380B7}"
EndProject
Global
	GlobalSection(SolutionConfigurationPlatforms) = preSolution
		Development|Default = Development|Default
	EndGlobalSection
	GlobalSection(ProjectConfigurationPlatforms) = postSolution
		{30C40BD6-D58E-4666-A762-407B7D5380B7}.Development|Default.ActiveCfg = Development
		{30C40BD6-D58E-4666-A762-407B7D5380B7}.Development|Default.Build.0 = Development
	EndGlobalSection
	GlobalSection(SolutionProperties) = preSolution
		HideSolutionNode = FALSE
	EndGlobalSection
EndGlobal
