
Microsoft Visual Studio Solution File, Format Version 11.00
# Visual Studio 2010
Project("{FAE04EC0-301F-11D3-BF4B-00C04F79EFBC}") = "CSharpDynamicUnitTest", "CSharpDynamicUnitTest\CSharpDynamicUnitTest.csproj", "{2B671038-A919-45AF-8847-7A95864D6532}"
EndProject
Project("{F184B08F-C81C-45F6-A57F-5ABD9991F28F}") = "VBNETDynamicUnitTest", "VBNETDynamicUnitTest\VBNETDynamicUnitTest.vbproj", "{923D0989-9724-4F6E-A5FE-FA84C7F61532}"
EndProject
Global
	GlobalSection(SolutionConfigurationPlatforms) = preSolution
		Debug|Any CPU = Debug|Any CPU
		Release|Any CPU = Release|Any CPU
	EndGlobalSection
	GlobalSection(ProjectConfigurationPlatforms) = postSolution
		{2B671038-A919-45AF-8847-7A95864D6532}.Debug|Any CPU.ActiveCfg = Debug|Any CPU
		{2B671038-A919-45AF-8847-7A95864D6532}.Debug|Any CPU.Build.0 = Debug|Any CPU
		{2B671038-A919-45AF-8847-7A95864D6532}.Release|Any CPU.ActiveCfg = Release|Any CPU
		{2B671038-A919-45AF-8847-7A95864D6532}.Release|Any CPU.Build.0 = Release|Any CPU
		{923D0989-9724-4F6E-A5FE-FA84C7F61532}.Debug|Any CPU.ActiveCfg = Debug|Any CPU
		{923D0989-9724-4F6E-A5FE-FA84C7F61532}.Debug|Any CPU.Build.0 = Debug|Any CPU
		{923D0989-9724-4F6E-A5FE-FA84C7F61532}.Release|Any CPU.ActiveCfg = Release|Any CPU
		{923D0989-9724-4F6E-A5FE-FA84C7F61532}.Release|Any CPU.Build.0 = Release|Any CPU
	EndGlobalSection
	GlobalSection(SolutionProperties) = preSolution
		HideSolutionNode = FALSE
	EndGlobalSection
EndGlobal
