
Microsoft Visual Studio Solution File, Format Version 12.00
# Visual Studio 2013
VisualStudioVersion = 12.0.30723.0
MinimumVisualStudioVersion = 10.0.40219.1
Project("{FAE04EC0-301F-11D3-BF4B-00C04F79EFBC}") = "TranslateViewer", "TranslateViewer\TranslateViewer.csproj", "{AEFEE64B-AC5E-461D-A5C3-3D0433C7F8CE}"
EndProject
Project("{FAE04EC0-301F-11D3-BF4B-00C04F79EFBC}") = "RoslynTranslator", "RoslynTranslator\RoslynTranslator.csproj", "{F351193F-DF6F-49A9-B4C5-9A1F4A903D07}"
EndProject
Global
	GlobalSection(SolutionConfigurationPlatforms) = preSolution
		Debug|Any CPU = Debug|Any CPU
		Release|Any CPU = Release|Any CPU
	EndGlobalSection
	GlobalSection(ProjectConfigurationPlatforms) = postSolution
		{AEFEE64B-AC5E-461D-A5C3-3D0433C7F8CE}.Debug|Any CPU.ActiveCfg = Debug|Any CPU
		{AEFEE64B-AC5E-461D-A5C3-3D0433C7F8CE}.Debug|Any CPU.Build.0 = Debug|Any CPU
		{AEFEE64B-AC5E-461D-A5C3-3D0433C7F8CE}.Release|Any CPU.ActiveCfg = Release|Any CPU
		{AEFEE64B-AC5E-461D-A5C3-3D0433C7F8CE}.Release|Any CPU.Build.0 = Release|Any CPU
		{F351193F-DF6F-49A9-B4C5-9A1F4A903D07}.Debug|Any CPU.ActiveCfg = Debug|Any CPU
		{F351193F-DF6F-49A9-B4C5-9A1F4A903D07}.Debug|Any CPU.Build.0 = Debug|Any CPU
		{F351193F-DF6F-49A9-B4C5-9A1F4A903D07}.Release|Any CPU.ActiveCfg = Release|Any CPU
		{F351193F-DF6F-49A9-B4C5-9A1F4A903D07}.Release|Any CPU.Build.0 = Release|Any CPU
	EndGlobalSection
	GlobalSection(SolutionProperties) = preSolution
		HideSolutionNode = FALSE
	EndGlobalSection
EndGlobal
