
Microsoft Visual Studio Solution File, Format Version 11.00
# Visual Studio 2010
Project("{159641D6-6404-4A2A-AE62-294DE0FE8301}") = "ExecuteProcessTaskSample", "ExecuteProcessTaskSample.dtproj", "{4477A7E6-2CF0-4A7C-9A41-ADF47D09ECA5}"
EndProject
Global
	GlobalSection(SolutionConfigurationPlatforms) = preSolution
		Development|Default = Development|Default
	EndGlobalSection
	GlobalSection(ProjectConfigurationPlatforms) = postSolution
		{4477A7E6-2CF0-4A7C-9A41-ADF47D09ECA5}.Development|Default.ActiveCfg = Development
		{4477A7E6-2CF0-4A7C-9A41-ADF47D09ECA5}.Development|Default.Build.0 = Development
	EndGlobalSection
	GlobalSection(SolutionProperties) = preSolution
		HideSolutionNode = FALSE
	EndGlobalSection
EndGlobal
