
Microsoft Visual Studio Solution File, Format Version 12.00
# Visual Studio 2013
VisualStudioVersion = 12.0.31101.0
MinimumVisualStudioVersion = 10.0.40219.1
Project("{F184B08F-C81C-45F6-A57F-5ABD9991F28F}") = "CustomerDataGridView_VB", "CustomerDataGridView_VB\CustomerDataGridView_VB.vbproj", "{0D70460F-98F9-4128-ABC7-05FC9DAB3A5B}"
EndProject
Project("{FAE04EC0-301F-11D3-BF4B-00C04F79EFBC}") = "CustomerDataGridView_CS", "CustomerDataGridView_CS\CustomerDataGridView_CS.csproj", "{1184FFF9-464A-4884-AC34-9729175D476E}"
EndProject
Project("{F184B08F-C81C-45F6-A57F-5ABD9991F28F}") = "Demo_VB", "Demo_VB\Demo_VB.vbproj", "{5965B4AD-0CED-4301-8331-642288788C48}"
EndProject
Project("{F184B08F-C81C-45F6-A57F-5ABD9991F28F}") = "ExtensionMethods_VB", "ExtensionMethods_VB\ExtensionMethods_VB.vbproj", "{BAA960D1-88C8-4F94-8547-7BF192DD0BC9}"
EndProject
Project("{F184B08F-C81C-45F6-A57F-5ABD9991F28F}") = "MockedData_VB", "MockedData_VB\MockedData_VB.vbproj", "{2F9740AA-FEDE-4455-8CB9-7C06717B26E6}"
EndProject
Project("{FAE04EC0-301F-11D3-BF4B-00C04F79EFBC}") = "Demo_CS", "Demo_CS\Demo_CS.csproj", "{35ED1B5E-99E4-47F1-B7AB-033E5BCC044D}"
EndProject
Global
	GlobalSection(SolutionConfigurationPlatforms) = preSolution
		Debug|Any CPU = Debug|Any CPU
		Release|Any CPU = Release|Any CPU
	EndGlobalSection
	GlobalSection(ProjectConfigurationPlatforms) = postSolution
		{0D70460F-98F9-4128-ABC7-05FC9DAB3A5B}.Debug|Any CPU.ActiveCfg = Debug|Any CPU
		{0D70460F-98F9-4128-ABC7-05FC9DAB3A5B}.Debug|Any CPU.Build.0 = Debug|Any CPU
		{0D70460F-98F9-4128-ABC7-05FC9DAB3A5B}.Release|Any CPU.ActiveCfg = Release|Any CPU
		{0D70460F-98F9-4128-ABC7-05FC9DAB3A5B}.Release|Any CPU.Build.0 = Release|Any CPU
		{1184FFF9-464A-4884-AC34-9729175D476E}.Debug|Any CPU.ActiveCfg = Debug|Any CPU
		{1184FFF9-464A-4884-AC34-9729175D476E}.Debug|Any CPU.Build.0 = Debug|Any CPU
		{1184FFF9-464A-4884-AC34-9729175D476E}.Release|Any CPU.ActiveCfg = Release|Any CPU
		{1184FFF9-464A-4884-AC34-9729175D476E}.Release|Any CPU.Build.0 = Release|Any CPU
		{5965B4AD-0CED-4301-8331-642288788C48}.Debug|Any CPU.ActiveCfg = Debug|Any CPU
		{5965B4AD-0CED-4301-8331-642288788C48}.Debug|Any CPU.Build.0 = Debug|Any CPU
		{5965B4AD-0CED-4301-8331-642288788C48}.Release|Any CPU.ActiveCfg = Release|Any CPU
		{5965B4AD-0CED-4301-8331-642288788C48}.Release|Any CPU.Build.0 = Release|Any CPU
		{BAA960D1-88C8-4F94-8547-7BF192DD0BC9}.Debug|Any CPU.ActiveCfg = Debug|Any CPU
		{BAA960D1-88C8-4F94-8547-7BF192DD0BC9}.Debug|Any CPU.Build.0 = Debug|Any CPU
		{BAA960D1-88C8-4F94-8547-7BF192DD0BC9}.Release|Any CPU.ActiveCfg = Release|Any CPU
		{BAA960D1-88C8-4F94-8547-7BF192DD0BC9}.Release|Any CPU.Build.0 = Release|Any CPU
		{2F9740AA-FEDE-4455-8CB9-7C06717B26E6}.Debug|Any CPU.ActiveCfg = Debug|Any CPU
		{2F9740AA-FEDE-4455-8CB9-7C06717B26E6}.Debug|Any CPU.Build.0 = Debug|Any CPU
		{2F9740AA-FEDE-4455-8CB9-7C06717B26E6}.Release|Any CPU.ActiveCfg = Release|Any CPU
		{2F9740AA-FEDE-4455-8CB9-7C06717B26E6}.Release|Any CPU.Build.0 = Release|Any CPU
		{35ED1B5E-99E4-47F1-B7AB-033E5BCC044D}.Debug|Any CPU.ActiveCfg = Debug|Any CPU
		{35ED1B5E-99E4-47F1-B7AB-033E5BCC044D}.Debug|Any CPU.Build.0 = Debug|Any CPU
		{35ED1B5E-99E4-47F1-B7AB-033E5BCC044D}.Release|Any CPU.ActiveCfg = Release|Any CPU
		{35ED1B5E-99E4-47F1-B7AB-033E5BCC044D}.Release|Any CPU.Build.0 = Release|Any CPU
	EndGlobalSection
	GlobalSection(SolutionProperties) = preSolution
		HideSolutionNode = FALSE
	EndGlobalSection
EndGlobal
