
Microsoft Visual Studio Solution File, Format Version 11.00
# Visual Studio 2010
Project("{FAE04EC0-301F-11D3-BF4B-00C04F79EFBC}") = "Workflow.Web", "Workflow.Web\Workflow.Web.csproj", "{E7BC65F2-9A01-4871-A2AC-D944EC2186F7}"
EndProject
Project("{FAE04EC0-301F-11D3-BF4B-00C04F79EFBC}") = "WorkflowLibrary", "WorkflowLibrary\WorkflowLibrary.csproj", "{3EDF5253-4B1C-4962-A9FC-D09D360EDA9E}"
EndProject
Global
	GlobalSection(SolutionConfigurationPlatforms) = preSolution
		Debug|Any CPU = Debug|Any CPU
		Release|Any CPU = Release|Any CPU
	EndGlobalSection
	GlobalSection(ProjectConfigurationPlatforms) = postSolution
		{E7BC65F2-9A01-4871-A2AC-D944EC2186F7}.Debug|Any CPU.ActiveCfg = Debug|Any CPU
		{E7BC65F2-9A01-4871-A2AC-D944EC2186F7}.Debug|Any CPU.Build.0 = Debug|Any CPU
		{E7BC65F2-9A01-4871-A2AC-D944EC2186F7}.Release|Any CPU.ActiveCfg = Release|Any CPU
		{E7BC65F2-9A01-4871-A2AC-D944EC2186F7}.Release|Any CPU.Build.0 = Release|Any CPU
		{3EDF5253-4B1C-4962-A9FC-D09D360EDA9E}.Debug|Any CPU.ActiveCfg = Debug|Any CPU
		{3EDF5253-4B1C-4962-A9FC-D09D360EDA9E}.Debug|Any CPU.Build.0 = Debug|Any CPU
		{3EDF5253-4B1C-4962-A9FC-D09D360EDA9E}.Release|Any CPU.ActiveCfg = Release|Any CPU
		{3EDF5253-4B1C-4962-A9FC-D09D360EDA9E}.Release|Any CPU.Build.0 = Release|Any CPU
	EndGlobalSection
	GlobalSection(SolutionProperties) = preSolution
		HideSolutionNode = FALSE
	EndGlobalSection
EndGlobal
