
Microsoft Visual Studio Solution File, Format Version 11.00
# Visual Studio 2010
Project("{E24C65DC-7377-472B-9ABA-BC803B73C61A}") = "SampleSite", "F:\Dot Net\Url Rewrite 4.0\SampleSite\", "{DA165A2F-B708-4E65-92FE-F2975C020911}"
	ProjectSection(WebsiteProperties) = preProject
		TargetFrameworkMoniker = ".NETFramework,Version%3Dv4.0"
		Debug.AspNetCompiler.VirtualPath = "/SampleSite"
		Debug.AspNetCompiler.PhysicalPath = "..\SampleSite\"
		Debug.AspNetCompiler.TargetPath = "PrecompiledWeb\SampleSite\"
		Debug.AspNetCompiler.Updateable = "true"
		Debug.AspNetCompiler.ForceOverwrite = "true"
		Debug.AspNetCompiler.FixedNames = "false"
		Debug.AspNetCompiler.Debug = "True"
		Release.AspNetCompiler.VirtualPath = "/SampleSite"
		Release.AspNetCompiler.PhysicalPath = "..\SampleSite\"
		Release.AspNetCompiler.TargetPath = "PrecompiledWeb\SampleSite\"
		Release.AspNetCompiler.Updateable = "true"
		Release.AspNetCompiler.ForceOverwrite = "true"
		Release.AspNetCompiler.FixedNames = "false"
		Release.AspNetCompiler.Debug = "False"
		VWDPort = "60610"
		DefaultWebSiteLanguage = "Visual C#"
	EndProjectSection
EndProject
Global
	GlobalSection(SolutionConfigurationPlatforms) = preSolution
		Debug|Any CPU = Debug|Any CPU
	EndGlobalSection
	GlobalSection(ProjectConfigurationPlatforms) = postSolution
		{DA165A2F-B708-4E65-92FE-F2975C020911}.Debug|Any CPU.ActiveCfg = Debug|Any CPU
		{DA165A2F-B708-4E65-92FE-F2975C020911}.Debug|Any CPU.Build.0 = Debug|Any CPU
	EndGlobalSection
	GlobalSection(SolutionProperties) = preSolution
		HideSolutionNode = FALSE
	EndGlobalSection
EndGlobal
