
Microsoft Visual Studio Solution File, Format Version 12.00
# Visual Studio 14
VisualStudioVersion = 14.0.25123.0
MinimumVisualStudioVersion = 10.0.40219.1
Project("{F184B08F-C81C-45F6-A57F-5ABD9991F28F}") = "AccessConnections_vb", "AccessConnections_vb\AccessConnections_vb.vbproj", "{9F3031DD-FC0F-4B31-9966-9BE2E57AF2A2}"
EndProject
Project("{FAE04EC0-301F-11D3-BF4B-00C04F79EFBC}") = "AccessConnections_cs", "AccessConnections_cs\AccessConnections_cs.csproj", "{2686F637-0D36-4A56-8238-B076653B1449}"
EndProject
Project("{F184B08F-C81C-45F6-A57F-5ABD9991F28F}") = "ExportAccessToExcel_vb", "ExportAccessToExcel_vb\ExportAccessToExcel_vb.vbproj", "{000E8FB2-0FAE-4CEA-AEC3-E76A60DD10F2}"
EndProject
Project("{FAE04EC0-301F-11D3-BF4B-00C04F79EFBC}") = "ExportAccessToExcel", "ExportAccessToExcel\ExportAccessToExcel.csproj", "{3F646A78-02F6-4F13-A822-1C768535DFAA}"
EndProject
Project("{F184B08F-C81C-45F6-A57F-5ABD9991F28F}") = "WindowsApplication1", "WindowsApplication1\WindowsApplication1.vbproj", "{2F6BB624-3201-4A03-A2F3-63DB66E1A7A0}"
EndProject
Project("{FAE04EC0-301F-11D3-BF4B-00C04F79EFBC}") = "WindowsFormsApplication1", "WindowsFormsApplication1\WindowsFormsApplication1.csproj", "{9D6C3E75-CBD8-4703-924A-8C84D41F28F3}"
EndProject
Project("{FAE04EC0-301F-11D3-BF4B-00C04F79EFBC}") = "CheckedListBoxLanguageExtensions", "CheckedListBoxLanguageExtensions\CheckedListBoxLanguageExtensions.csproj", "{77B861A1-1DD8-49B7-9C00-CBAEABC0DBCA}"
EndProject
Project("{FAE04EC0-301F-11D3-BF4B-00C04F79EFBC}") = "ExcelOleDbLibrary", "ExcelOleDbLibrary\ExcelOleDbLibrary.csproj", "{E98BE9D5-A245-4BD5-9A2D-52F4C82E75DC}"
EndProject
Project("{FAE04EC0-301F-11D3-BF4B-00C04F79EFBC}") = "Cue_BannerLibrary", "Cue_BannerLibrary\Cue_BannerLibrary.csproj", "{BB909D68-572F-4BD6-96F6-87F7C44A008C}"
EndProject
Project("{2150E333-8FDC-42A3-9474-1A3956D46DE8}") = "Solution Items", "Solution Items", "{8B631AD2-EA5F-4C3D-806C-9D067A1D06B4}"
EndProject
Project("{F184B08F-C81C-45F6-A57F-5ABD9991F28F}") = "MultipleExports_vb", "MultipleExports_vb\MultipleExports_vb.vbproj", "{4F36EC6A-ABB5-4F22-BC7E-67143CEEEB53}"
EndProject
Project("{FAE04EC0-301F-11D3-BF4B-00C04F79EFBC}") = "MultipleExports_cs", "MultipleExports_cs\MultipleExports_cs.csproj", "{801BFEBC-B1D2-4C48-B5C5-E69BF3C4F276}"
EndProject
Global
	GlobalSection(SolutionConfigurationPlatforms) = preSolution
		Debug|Any CPU = Debug|Any CPU
		Release|Any CPU = Release|Any CPU
	EndGlobalSection
	GlobalSection(ProjectConfigurationPlatforms) = postSolution
		{9F3031DD-FC0F-4B31-9966-9BE2E57AF2A2}.Debug|Any CPU.ActiveCfg = Debug|Any CPU
		{9F3031DD-FC0F-4B31-9966-9BE2E57AF2A2}.Debug|Any CPU.Build.0 = Debug|Any CPU
		{9F3031DD-FC0F-4B31-9966-9BE2E57AF2A2}.Release|Any CPU.ActiveCfg = Release|Any CPU
		{9F3031DD-FC0F-4B31-9966-9BE2E57AF2A2}.Release|Any CPU.Build.0 = Release|Any CPU
		{2686F637-0D36-4A56-8238-B076653B1449}.Debug|Any CPU.ActiveCfg = Debug|Any CPU
		{2686F637-0D36-4A56-8238-B076653B1449}.Debug|Any CPU.Build.0 = Debug|Any CPU
		{2686F637-0D36-4A56-8238-B076653B1449}.Release|Any CPU.ActiveCfg = Release|Any CPU
		{2686F637-0D36-4A56-8238-B076653B1449}.Release|Any CPU.Build.0 = Release|Any CPU
		{000E8FB2-0FAE-4CEA-AEC3-E76A60DD10F2}.Debug|Any CPU.ActiveCfg = Debug|Any CPU
		{000E8FB2-0FAE-4CEA-AEC3-E76A60DD10F2}.Debug|Any CPU.Build.0 = Debug|Any CPU
		{000E8FB2-0FAE-4CEA-AEC3-E76A60DD10F2}.Release|Any CPU.ActiveCfg = Release|Any CPU
		{000E8FB2-0FAE-4CEA-AEC3-E76A60DD10F2}.Release|Any CPU.Build.0 = Release|Any CPU
		{3F646A78-02F6-4F13-A822-1C768535DFAA}.Debug|Any CPU.ActiveCfg = Debug|Any CPU
		{3F646A78-02F6-4F13-A822-1C768535DFAA}.Debug|Any CPU.Build.0 = Debug|Any CPU
		{3F646A78-02F6-4F13-A822-1C768535DFAA}.Release|Any CPU.ActiveCfg = Release|Any CPU
		{3F646A78-02F6-4F13-A822-1C768535DFAA}.Release|Any CPU.Build.0 = Release|Any CPU
		{2F6BB624-3201-4A03-A2F3-63DB66E1A7A0}.Debug|Any CPU.ActiveCfg = Debug|Any CPU
		{2F6BB624-3201-4A03-A2F3-63DB66E1A7A0}.Debug|Any CPU.Build.0 = Debug|Any CPU
		{2F6BB624-3201-4A03-A2F3-63DB66E1A7A0}.Release|Any CPU.ActiveCfg = Release|Any CPU
		{2F6BB624-3201-4A03-A2F3-63DB66E1A7A0}.Release|Any CPU.Build.0 = Release|Any CPU
		{9D6C3E75-CBD8-4703-924A-8C84D41F28F3}.Debug|Any CPU.ActiveCfg = Debug|Any CPU
		{9D6C3E75-CBD8-4703-924A-8C84D41F28F3}.Debug|Any CPU.Build.0 = Debug|Any CPU
		{9D6C3E75-CBD8-4703-924A-8C84D41F28F3}.Release|Any CPU.ActiveCfg = Release|Any CPU
		{9D6C3E75-CBD8-4703-924A-8C84D41F28F3}.Release|Any CPU.Build.0 = Release|Any CPU
		{77B861A1-1DD8-49B7-9C00-CBAEABC0DBCA}.Debug|Any CPU.ActiveCfg = Debug|Any CPU
		{77B861A1-1DD8-49B7-9C00-CBAEABC0DBCA}.Debug|Any CPU.Build.0 = Debug|Any CPU
		{77B861A1-1DD8-49B7-9C00-CBAEABC0DBCA}.Release|Any CPU.ActiveCfg = Release|Any CPU
		{77B861A1-1DD8-49B7-9C00-CBAEABC0DBCA}.Release|Any CPU.Build.0 = Release|Any CPU
		{E98BE9D5-A245-4BD5-9A2D-52F4C82E75DC}.Debug|Any CPU.ActiveCfg = Debug|Any CPU
		{E98BE9D5-A245-4BD5-9A2D-52F4C82E75DC}.Debug|Any CPU.Build.0 = Debug|Any CPU
		{E98BE9D5-A245-4BD5-9A2D-52F4C82E75DC}.Release|Any CPU.ActiveCfg = Release|Any CPU
		{E98BE9D5-A245-4BD5-9A2D-52F4C82E75DC}.Release|Any CPU.Build.0 = Release|Any CPU
		{BB909D68-572F-4BD6-96F6-87F7C44A008C}.Debug|Any CPU.ActiveCfg = Debug|Any CPU
		{BB909D68-572F-4BD6-96F6-87F7C44A008C}.Debug|Any CPU.Build.0 = Debug|Any CPU
		{BB909D68-572F-4BD6-96F6-87F7C44A008C}.Release|Any CPU.ActiveCfg = Release|Any CPU
		{BB909D68-572F-4BD6-96F6-87F7C44A008C}.Release|Any CPU.Build.0 = Release|Any CPU
		{4F36EC6A-ABB5-4F22-BC7E-67143CEEEB53}.Debug|Any CPU.ActiveCfg = Debug|Any CPU
		{4F36EC6A-ABB5-4F22-BC7E-67143CEEEB53}.Debug|Any CPU.Build.0 = Debug|Any CPU
		{4F36EC6A-ABB5-4F22-BC7E-67143CEEEB53}.Release|Any CPU.ActiveCfg = Release|Any CPU
		{4F36EC6A-ABB5-4F22-BC7E-67143CEEEB53}.Release|Any CPU.Build.0 = Release|Any CPU
		{801BFEBC-B1D2-4C48-B5C5-E69BF3C4F276}.Debug|Any CPU.ActiveCfg = Debug|Any CPU
		{801BFEBC-B1D2-4C48-B5C5-E69BF3C4F276}.Debug|Any CPU.Build.0 = Debug|Any CPU
		{801BFEBC-B1D2-4C48-B5C5-E69BF3C4F276}.Release|Any CPU.ActiveCfg = Release|Any CPU
		{801BFEBC-B1D2-4C48-B5C5-E69BF3C4F276}.Release|Any CPU.Build.0 = Release|Any CPU
	EndGlobalSection
	GlobalSection(SolutionProperties) = preSolution
		HideSolutionNode = FALSE
	EndGlobalSection
EndGlobal
