
Microsoft Visual Studio Solution File, Format Version 10.00
# Visual Basic Express 2008
Project("{F184B08F-C81C-45F6-A57F-5ABD9991F28F}") = "LabelEx Demo", "LabelEx Demo\LabelEx Demo.vbproj", "{DC0392B7-1909-4B18-A8A1-26E910ECFCD9}"
EndProject
Global
	GlobalSection(SolutionConfigurationPlatforms) = preSolution
		Debug|Any CPU = Debug|Any CPU
		Release|Any CPU = Release|Any CPU
	EndGlobalSection
	GlobalSection(ProjectConfigurationPlatforms) = postSolution
		{DC0392B7-1909-4B18-A8A1-26E910ECFCD9}.Debug|Any CPU.ActiveCfg = Debug|Any CPU
		{DC0392B7-1909-4B18-A8A1-26E910ECFCD9}.Debug|Any CPU.Build.0 = Debug|Any CPU
		{DC0392B7-1909-4B18-A8A1-26E910ECFCD9}.Release|Any CPU.ActiveCfg = Release|Any CPU
		{DC0392B7-1909-4B18-A8A1-26E910ECFCD9}.Release|Any CPU.Build.0 = Release|Any CPU
	EndGlobalSection
	GlobalSection(SolutionProperties) = preSolution
		HideSolutionNode = FALSE
	EndGlobalSection
EndGlobal
