
Microsoft Visual Studio Solution File, Format Version 11.00
# Visual Studio 2010
Project("{FAE04EC0-301F-11D3-BF4B-00C04F79EFBC}") = "MVCDemo1HelloWorld", "MVCDemo1HelloWorld\MVCDemo1HelloWorld.csproj", "{BCAF6AE6-6DCB-4B08-8EFC-0D5DF5C3C46F}"
EndProject
Project("{FAE04EC0-301F-11D3-BF4B-00C04F79EFBC}") = "MVCDemo2ControllerParameters", "MVCDemo2ControllerParameters\MVCDemo2ControllerParameters.csproj", "{51B12B43-4E4E-41C2-8931-2A7C60E3CFA1}"
EndProject
Project("{FAE04EC0-301F-11D3-BF4B-00C04F79EFBC}") = "MVCDemo3Views", "MVCDemo3Views\MVCDemo3Views.csproj", "{248B038D-E6B6-4AAE-BCBA-9F1EF2F3A0F2}"
EndProject
Project("{FAE04EC0-301F-11D3-BF4B-00C04F79EFBC}") = "MVCDemo4ModelViewController", "MVCDemo4ModelViewController\MVCDemo4ModelViewController.csproj", "{044AB54D-E296-4928-A48D-617AEB81E1CD}"
EndProject
Project("{FAE04EC0-301F-11D3-BF4B-00C04F79EFBC}") = "MVCDemo5ViewBag", "MVCDemo5ViewBag\MVCDemo5ViewBag.csproj", "{82A7558D-D99B-4393-99BD-57E5B42C8141}"
EndProject
Project("{FAE04EC0-301F-11D3-BF4B-00C04F79EFBC}") = "MVCDemo6HTTPGetPost", "MVCDemo6HTTPGetPost\MVCDemo6HTTPGetPost.csproj", "{CDE1BC54-ED58-48C9-9ED3-26AF0418580B}"
EndProject
Project("{FAE04EC0-301F-11D3-BF4B-00C04F79EFBC}") = "MVCDemo7ExceptionHandling", "MVCDemo7ExceptionHandling\MVCDemo7ExceptionHandling.csproj", "{6E30D15C-257A-4758-B0E6-715F4E136B1A}"
EndProject
Project("{FAE04EC0-301F-11D3-BF4B-00C04F79EFBC}") = "MVCDemo8UsingHTMLHelperMethods", "MVCDemo8UsingHTMLHelperMethods\MVCDemo8UsingHTMLHelperMethods.csproj", "{AF7C8AA4-A33D-4749-A36B-8EB824D0A689}"
EndProject
Project("{FAE04EC0-301F-11D3-BF4B-00C04F79EFBC}") = "MVCDemo9AddingExtensionMethods", "MVCDemo9AddingExtensionMethods\MVCDemo9AddingExtensionMethods.csproj", "{F85F1C18-C78C-4BC5-BD30-4FD39EEFEFFC}"
EndProject
Project("{FAE04EC0-301F-11D3-BF4B-00C04F79EFBC}") = "MVCDemo10Validations", "MVCDemo10Validations\MVCDemo10Validations.csproj", "{0A02A4DC-F4FF-403E-8826-A236FD7A4B87}"
EndProject
Project("{FAE04EC0-301F-11D3-BF4B-00C04F79EFBC}") = "MVCDemo11ActionLogFilter", "MVCDemo11ActionLogFilter\MVCDemo11ActionLogFilter.csproj", "{BBA43AE0-26FA-48E4-9970-F6837D93226C}"
EndProject
Project("{FAE04EC0-301F-11D3-BF4B-00C04F79EFBC}") = "MVCDemo12JSON", "MVCDemo12JSON\MVCDemo12JSON.csproj", "{0298BD8F-32A0-4153-8E14-4E6A27E2FA1A}"
EndProject
Project("{FAE04EC0-301F-11D3-BF4B-00C04F79EFBC}") = "MVCDemo13JSONAjaxRequestResponse", "MVCDemo13JSONAjaxRequest\MVCDemo13JSONAjaxRequestResponse.csproj", "{CE10A991-9760-4F33-831F-A621A1FE6BC8}"
EndProject
Global
	GlobalSection(SolutionConfigurationPlatforms) = preSolution
		Debug|Any CPU = Debug|Any CPU
		Release|Any CPU = Release|Any CPU
	EndGlobalSection
	GlobalSection(ProjectConfigurationPlatforms) = postSolution
		{BCAF6AE6-6DCB-4B08-8EFC-0D5DF5C3C46F}.Debug|Any CPU.ActiveCfg = Debug|Any CPU
		{BCAF6AE6-6DCB-4B08-8EFC-0D5DF5C3C46F}.Debug|Any CPU.Build.0 = Debug|Any CPU
		{BCAF6AE6-6DCB-4B08-8EFC-0D5DF5C3C46F}.Release|Any CPU.ActiveCfg = Release|Any CPU
		{BCAF6AE6-6DCB-4B08-8EFC-0D5DF5C3C46F}.Release|Any CPU.Build.0 = Release|Any CPU
		{51B12B43-4E4E-41C2-8931-2A7C60E3CFA1}.Debug|Any CPU.ActiveCfg = Debug|Any CPU
		{51B12B43-4E4E-41C2-8931-2A7C60E3CFA1}.Debug|Any CPU.Build.0 = Debug|Any CPU
		{51B12B43-4E4E-41C2-8931-2A7C60E3CFA1}.Release|Any CPU.ActiveCfg = Release|Any CPU
		{51B12B43-4E4E-41C2-8931-2A7C60E3CFA1}.Release|Any CPU.Build.0 = Release|Any CPU
		{248B038D-E6B6-4AAE-BCBA-9F1EF2F3A0F2}.Debug|Any CPU.ActiveCfg = Debug|Any CPU
		{248B038D-E6B6-4AAE-BCBA-9F1EF2F3A0F2}.Debug|Any CPU.Build.0 = Debug|Any CPU
		{248B038D-E6B6-4AAE-BCBA-9F1EF2F3A0F2}.Release|Any CPU.ActiveCfg = Release|Any CPU
		{248B038D-E6B6-4AAE-BCBA-9F1EF2F3A0F2}.Release|Any CPU.Build.0 = Release|Any CPU
		{044AB54D-E296-4928-A48D-617AEB81E1CD}.Debug|Any CPU.ActiveCfg = Debug|Any CPU
		{044AB54D-E296-4928-A48D-617AEB81E1CD}.Debug|Any CPU.Build.0 = Debug|Any CPU
		{044AB54D-E296-4928-A48D-617AEB81E1CD}.Release|Any CPU.ActiveCfg = Release|Any CPU
		{044AB54D-E296-4928-A48D-617AEB81E1CD}.Release|Any CPU.Build.0 = Release|Any CPU
		{82A7558D-D99B-4393-99BD-57E5B42C8141}.Debug|Any CPU.ActiveCfg = Debug|Any CPU
		{82A7558D-D99B-4393-99BD-57E5B42C8141}.Debug|Any CPU.Build.0 = Debug|Any CPU
		{82A7558D-D99B-4393-99BD-57E5B42C8141}.Release|Any CPU.ActiveCfg = Release|Any CPU
		{82A7558D-D99B-4393-99BD-57E5B42C8141}.Release|Any CPU.Build.0 = Release|Any CPU
		{CDE1BC54-ED58-48C9-9ED3-26AF0418580B}.Debug|Any CPU.ActiveCfg = Debug|Any CPU
		{CDE1BC54-ED58-48C9-9ED3-26AF0418580B}.Debug|Any CPU.Build.0 = Debug|Any CPU
		{CDE1BC54-ED58-48C9-9ED3-26AF0418580B}.Release|Any CPU.ActiveCfg = Release|Any CPU
		{CDE1BC54-ED58-48C9-9ED3-26AF0418580B}.Release|Any CPU.Build.0 = Release|Any CPU
		{6E30D15C-257A-4758-B0E6-715F4E136B1A}.Debug|Any CPU.ActiveCfg = Debug|Any CPU
		{6E30D15C-257A-4758-B0E6-715F4E136B1A}.Debug|Any CPU.Build.0 = Debug|Any CPU
		{6E30D15C-257A-4758-B0E6-715F4E136B1A}.Release|Any CPU.ActiveCfg = Release|Any CPU
		{6E30D15C-257A-4758-B0E6-715F4E136B1A}.Release|Any CPU.Build.0 = Release|Any CPU
		{AF7C8AA4-A33D-4749-A36B-8EB824D0A689}.Debug|Any CPU.ActiveCfg = Debug|Any CPU
		{AF7C8AA4-A33D-4749-A36B-8EB824D0A689}.Debug|Any CPU.Build.0 = Debug|Any CPU
		{AF7C8AA4-A33D-4749-A36B-8EB824D0A689}.Release|Any CPU.ActiveCfg = Release|Any CPU
		{AF7C8AA4-A33D-4749-A36B-8EB824D0A689}.Release|Any CPU.Build.0 = Release|Any CPU
		{F85F1C18-C78C-4BC5-BD30-4FD39EEFEFFC}.Debug|Any CPU.ActiveCfg = Debug|Any CPU
		{F85F1C18-C78C-4BC5-BD30-4FD39EEFEFFC}.Debug|Any CPU.Build.0 = Debug|Any CPU
		{F85F1C18-C78C-4BC5-BD30-4FD39EEFEFFC}.Release|Any CPU.ActiveCfg = Release|Any CPU
		{F85F1C18-C78C-4BC5-BD30-4FD39EEFEFFC}.Release|Any CPU.Build.0 = Release|Any CPU
		{0A02A4DC-F4FF-403E-8826-A236FD7A4B87}.Debug|Any CPU.ActiveCfg = Debug|Any CPU
		{0A02A4DC-F4FF-403E-8826-A236FD7A4B87}.Debug|Any CPU.Build.0 = Debug|Any CPU
		{0A02A4DC-F4FF-403E-8826-A236FD7A4B87}.Release|Any CPU.ActiveCfg = Release|Any CPU
		{0A02A4DC-F4FF-403E-8826-A236FD7A4B87}.Release|Any CPU.Build.0 = Release|Any CPU
		{BBA43AE0-26FA-48E4-9970-F6837D93226C}.Debug|Any CPU.ActiveCfg = Debug|Any CPU
		{BBA43AE0-26FA-48E4-9970-F6837D93226C}.Debug|Any CPU.Build.0 = Debug|Any CPU
		{BBA43AE0-26FA-48E4-9970-F6837D93226C}.Release|Any CPU.ActiveCfg = Release|Any CPU
		{BBA43AE0-26FA-48E4-9970-F6837D93226C}.Release|Any CPU.Build.0 = Release|Any CPU
		{0298BD8F-32A0-4153-8E14-4E6A27E2FA1A}.Debug|Any CPU.ActiveCfg = Debug|Any CPU
		{0298BD8F-32A0-4153-8E14-4E6A27E2FA1A}.Debug|Any CPU.Build.0 = Debug|Any CPU
		{0298BD8F-32A0-4153-8E14-4E6A27E2FA1A}.Release|Any CPU.ActiveCfg = Release|Any CPU
		{0298BD8F-32A0-4153-8E14-4E6A27E2FA1A}.Release|Any CPU.Build.0 = Release|Any CPU
		{CE10A991-9760-4F33-831F-A621A1FE6BC8}.Debug|Any CPU.ActiveCfg = Debug|Any CPU
		{CE10A991-9760-4F33-831F-A621A1FE6BC8}.Debug|Any CPU.Build.0 = Debug|Any CPU
		{CE10A991-9760-4F33-831F-A621A1FE6BC8}.Release|Any CPU.ActiveCfg = Release|Any CPU
		{CE10A991-9760-4F33-831F-A621A1FE6BC8}.Release|Any CPU.Build.0 = Release|Any CPU
	EndGlobalSection
	GlobalSection(SolutionProperties) = preSolution
		HideSolutionNode = FALSE
	EndGlobalSection
EndGlobal
