
Microsoft Visual Studio Solution File, Format Version 12.00
# Visual Studio 2012
Project("{FAE04EC0-301F-11D3-BF4B-00C04F79EFBC}") = "Philosophers", "Philosophers\Philosophers.csproj", "{52B9C1A0-34F3-4C50-8230-9F54692FABFC}"
EndProject
Global
	GlobalSection(SolutionConfigurationPlatforms) = preSolution
		Debug|Any CPU = Debug|Any CPU
		Release|Any CPU = Release|Any CPU
	EndGlobalSection
	GlobalSection(ProjectConfigurationPlatforms) = postSolution
		{52B9C1A0-34F3-4C50-8230-9F54692FABFC}.Debug|Any CPU.ActiveCfg = Debug|Any CPU
		{52B9C1A0-34F3-4C50-8230-9F54692FABFC}.Debug|Any CPU.Build.0 = Debug|Any CPU
		{52B9C1A0-34F3-4C50-8230-9F54692FABFC}.Release|Any CPU.ActiveCfg = Release|Any CPU
		{52B9C1A0-34F3-4C50-8230-9F54692FABFC}.Release|Any CPU.Build.0 = Release|Any CPU
	EndGlobalSection
	GlobalSection(SolutionProperties) = preSolution
		HideSolutionNode = FALSE
	EndGlobalSection
EndGlobal
