
Microsoft Visual Studio Solution File, Format Version 12.00
# Visual Studio 2012
Project("{FAE04EC0-301F-11D3-BF4B-00C04F79EFBC}") = "EasyWpfLoginNavigateExample", "EasyWpfLoginNavigateExample\EasyWpfLoginNavigateExample.csproj", "{17AD9B1A-BD65-42C8-B290-23997F26CB2C}"
EndProject
Global
	GlobalSection(SolutionConfigurationPlatforms) = preSolution
		Debug|Any CPU = Debug|Any CPU
		Release|Any CPU = Release|Any CPU
	EndGlobalSection
	GlobalSection(ProjectConfigurationPlatforms) = postSolution
		{17AD9B1A-BD65-42C8-B290-23997F26CB2C}.Debug|Any CPU.ActiveCfg = Debug|Any CPU
		{17AD9B1A-BD65-42C8-B290-23997F26CB2C}.Debug|Any CPU.Build.0 = Debug|Any CPU
		{17AD9B1A-BD65-42C8-B290-23997F26CB2C}.Release|Any CPU.ActiveCfg = Release|Any CPU
		{17AD9B1A-BD65-42C8-B290-23997F26CB2C}.Release|Any CPU.Build.0 = Release|Any CPU
	EndGlobalSection
	GlobalSection(SolutionProperties) = preSolution
		HideSolutionNode = FALSE
	EndGlobalSection
EndGlobal
