
Microsoft Visual Studio Solution File, Format Version 12.00
# Visual Studio 2013
VisualStudioVersion = 12.0.31101.0
MinimumVisualStudioVersion = 10.0.40219.1
Project("{2150E333-8FDC-42A3-9474-1A3956D46DE8}") = "PhpMyAdminConnection", "PhpMyAdminConnection", "{272B19EC-5277-4334-A2DD-88DB2611EF7C}"
EndProject
Project("{D954291E-2A0B-460D-934E-DC6B0785DB48}") = "PhpMyAdminConnection.Shared", "PhpMyAdminConnection\PhpMyAdminConnection.Shared\PhpMyAdminConnection.Shared.shproj", "{0BB83698-A267-46B1-8B51-909737642791}"
EndProject
Project("{FAE04EC0-301F-11D3-BF4B-00C04F79EFBC}") = "PhpMyAdminConnection.Windows", "PhpMyAdminConnection\PhpMyAdminConnection.Windows\PhpMyAdminConnection.Windows.csproj", "{E22A63E6-C7CC-4811-A4CB-8924D33C1687}"
EndProject
Project("{FAE04EC0-301F-11D3-BF4B-00C04F79EFBC}") = "PhpMyAdminConnection.WindowsPhone", "PhpMyAdminConnection\PhpMyAdminConnection.WindowsPhone\PhpMyAdminConnection.WindowsPhone.csproj", "{AB8FA42F-518B-447C-A0D7-8267C5C035B8}"
EndProject
Global
	GlobalSection(SharedMSBuildProjectFiles) = preSolution
		PhpMyAdminConnection\PhpMyAdminConnection.Shared\PhpMyAdminConnection.Shared.projitems*{e22a63e6-c7cc-4811-a4cb-8924d33c1687}*SharedItemsImports = 4
		PhpMyAdminConnection\PhpMyAdminConnection.Shared\PhpMyAdminConnection.Shared.projitems*{0bb83698-a267-46b1-8b51-909737642791}*SharedItemsImports = 13
		PhpMyAdminConnection\PhpMyAdminConnection.Shared\PhpMyAdminConnection.Shared.projitems*{ab8fa42f-518b-447c-a0d7-8267c5c035b8}*SharedItemsImports = 4
	EndGlobalSection
	GlobalSection(SolutionConfigurationPlatforms) = preSolution
		Debug|Any CPU = Debug|Any CPU
		Debug|ARM = Debug|ARM
		Debug|x64 = Debug|x64
		Debug|x86 = Debug|x86
		Release|Any CPU = Release|Any CPU
		Release|ARM = Release|ARM
		Release|x64 = Release|x64
		Release|x86 = Release|x86
	EndGlobalSection
	GlobalSection(ProjectConfigurationPlatforms) = postSolution
		{E22A63E6-C7CC-4811-A4CB-8924D33C1687}.Debug|Any CPU.ActiveCfg = Debug|Any CPU
		{E22A63E6-C7CC-4811-A4CB-8924D33C1687}.Debug|Any CPU.Build.0 = Debug|Any CPU
		{E22A63E6-C7CC-4811-A4CB-8924D33C1687}.Debug|Any CPU.Deploy.0 = Debug|Any CPU
		{E22A63E6-C7CC-4811-A4CB-8924D33C1687}.Debug|ARM.ActiveCfg = Debug|ARM
		{E22A63E6-C7CC-4811-A4CB-8924D33C1687}.Debug|ARM.Build.0 = Debug|ARM
		{E22A63E6-C7CC-4811-A4CB-8924D33C1687}.Debug|ARM.Deploy.0 = Debug|ARM
		{E22A63E6-C7CC-4811-A4CB-8924D33C1687}.Debug|x64.ActiveCfg = Debug|x64
		{E22A63E6-C7CC-4811-A4CB-8924D33C1687}.Debug|x64.Build.0 = Debug|x64
		{E22A63E6-C7CC-4811-A4CB-8924D33C1687}.Debug|x64.Deploy.0 = Debug|x64
		{E22A63E6-C7CC-4811-A4CB-8924D33C1687}.Debug|x86.ActiveCfg = Debug|x86
		{E22A63E6-C7CC-4811-A4CB-8924D33C1687}.Debug|x86.Build.0 = Debug|x86
		{E22A63E6-C7CC-4811-A4CB-8924D33C1687}.Debug|x86.Deploy.0 = Debug|x86
		{E22A63E6-C7CC-4811-A4CB-8924D33C1687}.Release|Any CPU.ActiveCfg = Release|Any CPU
		{E22A63E6-C7CC-4811-A4CB-8924D33C1687}.Release|Any CPU.Build.0 = Release|Any CPU
		{E22A63E6-C7CC-4811-A4CB-8924D33C1687}.Release|Any CPU.Deploy.0 = Release|Any CPU
		{E22A63E6-C7CC-4811-A4CB-8924D33C1687}.Release|ARM.ActiveCfg = Release|ARM
		{E22A63E6-C7CC-4811-A4CB-8924D33C1687}.Release|ARM.Build.0 = Release|ARM
		{E22A63E6-C7CC-4811-A4CB-8924D33C1687}.Release|ARM.Deploy.0 = Release|ARM
		{E22A63E6-C7CC-4811-A4CB-8924D33C1687}.Release|x64.ActiveCfg = Release|x64
		{E22A63E6-C7CC-4811-A4CB-8924D33C1687}.Release|x64.Build.0 = Release|x64
		{E22A63E6-C7CC-4811-A4CB-8924D33C1687}.Release|x64.Deploy.0 = Release|x64
		{E22A63E6-C7CC-4811-A4CB-8924D33C1687}.Release|x86.ActiveCfg = Release|x86
		{E22A63E6-C7CC-4811-A4CB-8924D33C1687}.Release|x86.Build.0 = Release|x86
		{E22A63E6-C7CC-4811-A4CB-8924D33C1687}.Release|x86.Deploy.0 = Release|x86
		{AB8FA42F-518B-447C-A0D7-8267C5C035B8}.Debug|Any CPU.ActiveCfg = Debug|Any CPU
		{AB8FA42F-518B-447C-A0D7-8267C5C035B8}.Debug|Any CPU.Build.0 = Debug|Any CPU
		{AB8FA42F-518B-447C-A0D7-8267C5C035B8}.Debug|Any CPU.Deploy.0 = Debug|Any CPU
		{AB8FA42F-518B-447C-A0D7-8267C5C035B8}.Debug|ARM.ActiveCfg = Debug|ARM
		{AB8FA42F-518B-447C-A0D7-8267C5C035B8}.Debug|ARM.Build.0 = Debug|ARM
		{AB8FA42F-518B-447C-A0D7-8267C5C035B8}.Debug|ARM.Deploy.0 = Debug|ARM
		{AB8FA42F-518B-447C-A0D7-8267C5C035B8}.Debug|x64.ActiveCfg = Debug|Any CPU
		{AB8FA42F-518B-447C-A0D7-8267C5C035B8}.Debug|x86.ActiveCfg = Debug|x86
		{AB8FA42F-518B-447C-A0D7-8267C5C035B8}.Debug|x86.Build.0 = Debug|x86
		{AB8FA42F-518B-447C-A0D7-8267C5C035B8}.Debug|x86.Deploy.0 = Debug|x86
		{AB8FA42F-518B-447C-A0D7-8267C5C035B8}.Release|Any CPU.ActiveCfg = Release|Any CPU
		{AB8FA42F-518B-447C-A0D7-8267C5C035B8}.Release|Any CPU.Build.0 = Release|Any CPU
		{AB8FA42F-518B-447C-A0D7-8267C5C035B8}.Release|Any CPU.Deploy.0 = Release|Any CPU
		{AB8FA42F-518B-447C-A0D7-8267C5C035B8}.Release|ARM.ActiveCfg = Release|ARM
		{AB8FA42F-518B-447C-A0D7-8267C5C035B8}.Release|ARM.Build.0 = Release|ARM
		{AB8FA42F-518B-447C-A0D7-8267C5C035B8}.Release|ARM.Deploy.0 = Release|ARM
		{AB8FA42F-518B-447C-A0D7-8267C5C035B8}.Release|x64.ActiveCfg = Release|Any CPU
		{AB8FA42F-518B-447C-A0D7-8267C5C035B8}.Release|x86.ActiveCfg = Release|x86
		{AB8FA42F-518B-447C-A0D7-8267C5C035B8}.Release|x86.Build.0 = Release|x86
		{AB8FA42F-518B-447C-A0D7-8267C5C035B8}.Release|x86.Deploy.0 = Release|x86
	EndGlobalSection
	GlobalSection(SolutionProperties) = preSolution
		HideSolutionNode = FALSE
	EndGlobalSection
	GlobalSection(NestedProjects) = preSolution
		{0BB83698-A267-46B1-8B51-909737642791} = {272B19EC-5277-4334-A2DD-88DB2611EF7C}
		{E22A63E6-C7CC-4811-A4CB-8924D33C1687} = {272B19EC-5277-4334-A2DD-88DB2611EF7C}
		{AB8FA42F-518B-447C-A0D7-8267C5C035B8} = {272B19EC-5277-4334-A2DD-88DB2611EF7C}
	EndGlobalSection
EndGlobal
