
Microsoft Visual Studio Solution File, Format Version 12.00
# Visual Studio 2013
VisualStudioVersion = 12.0.21005.1
MinimumVisualStudioVersion = 10.0.40219.1
Project("{2150E333-8FDC-42A3-9474-1A3956D46DE8}") = "Tests", "Tests", "{C3F03DDF-A032-4E32-BD38-24CCBF104705}"
EndProject
Project("{2150E333-8FDC-42A3-9474-1A3956D46DE8}") = ".nuget", ".nuget", "{94AB71ED-9045-41F9-AD7D-18F42EE9B09E}"
	ProjectSection(SolutionItems) = preProject
		.nuget\NuGet.Config = .nuget\NuGet.Config
		.nuget\NuGet.targets = .nuget\NuGet.targets
	EndProjectSection
EndProject
Project("{FAE04EC0-301F-11D3-BF4B-00C04F79EFBC}") = "AdventureWorks.Shopper", "ReferenceImplementation\AdventureWorks.Shopper\AdventureWorks.Shopper.csproj", "{0DB06939-5AF8-4446-8321-AF6ABA56318E}"
	ProjectSection(ProjectDependencies) = postProject
		{5B10DC48-600B-4F27-84D8-F041FEE71A34} = {5B10DC48-600B-4F27-84D8-F041FEE71A34}
		{6FA921C7-05EB-4881-8CDA-F4279B6EB23D} = {6FA921C7-05EB-4881-8CDA-F4279B6EB23D}
	EndProjectSection
EndProject
Project("{FAE04EC0-301F-11D3-BF4B-00C04F79EFBC}") = "AdventureWorks.WebServices", "ReferenceImplementation\AdventureWorks.WebServices\AdventureWorks.WebServices.csproj", "{6FA921C7-05EB-4881-8CDA-F4279B6EB23D}"
EndProject
Project("{FAE04EC0-301F-11D3-BF4B-00C04F79EFBC}") = "AdventureWorks.UILogic", "ReferenceImplementation\AdventureWorks.UILogic\AdventureWorks.UILogic.csproj", "{5B10DC48-600B-4F27-84D8-F041FEE71A34}"
EndProject
Project("{FAE04EC0-301F-11D3-BF4B-00C04F79EFBC}") = "AdventureWorks.UILogic.Tests", "ReferenceImplementation\AdventureWorks.UILogic.Tests\AdventureWorks.UILogic.Tests.csproj", "{3F9E75B9-C645-4E98-ABEC-A53B85DDA651}"
EndProject
Project("{FAE04EC0-301F-11D3-BF4B-00C04F79EFBC}") = "Microsoft.Practices.Prism.StoreApps", "Prism.StoreApps\Microsoft.Practices.Prism.StoreApps.csproj", "{A2303152-0F67-4CA5-8639-0A16E64A8B6D}"
EndProject
Project("{FAE04EC0-301F-11D3-BF4B-00C04F79EFBC}") = "AdventureWorks.WebServices.Tests", "ReferenceImplementation\AdventureWorks.WebServices.Tests\AdventureWorks.WebServices.Tests.csproj", "{13AB2470-6ABB-4E28-B5D6-88483C92E871}"
EndProject
Project("{FAE04EC0-301F-11D3-BF4B-00C04F79EFBC}") = "Microsoft.Practices.Prism.StoreApps.Tests", "Prism.StoreApps.Tests\Microsoft.Practices.Prism.StoreApps.Tests.csproj", "{4F93F2D6-F9C4-4174-AC52-505800FA2FFC}"
EndProject
Project("{FAE04EC0-301F-11D3-BF4B-00C04F79EFBC}") = "Microsoft.Practices.Prism.PubSubEvents", "Prism.PubSubEvents\Microsoft.Practices.Prism.PubSubEvents.csproj", "{D5D2645C-03EB-48B0-9873-0904FCDB2CED}"
EndProject
Project("{FAE04EC0-301F-11D3-BF4B-00C04F79EFBC}") = "Microsoft.Practices.Prism.PubSubEvents.Tests", "Prism.PubSubEvents.Tests\Microsoft.Practices.Prism.PubSubEvents.Tests.csproj", "{7C7225FE-FD57-48D1-9576-966ED0007EF0}"
EndProject
Global
	GlobalSection(SolutionConfigurationPlatforms) = preSolution
		Debug|Any CPU = Debug|Any CPU
		Debug|ARM = Debug|ARM
		Debug|x64 = Debug|x64
		Debug|x86 = Debug|x86
		Release|Any CPU = Release|Any CPU
		Release|ARM = Release|ARM
		Release|x64 = Release|x64
		Release|x86 = Release|x86
	EndGlobalSection
	GlobalSection(ProjectConfigurationPlatforms) = postSolution
		{0DB06939-5AF8-4446-8321-AF6ABA56318E}.Debug|Any CPU.ActiveCfg = Debug|Any CPU
		{0DB06939-5AF8-4446-8321-AF6ABA56318E}.Debug|Any CPU.Build.0 = Debug|Any CPU
		{0DB06939-5AF8-4446-8321-AF6ABA56318E}.Debug|Any CPU.Deploy.0 = Debug|Any CPU
		{0DB06939-5AF8-4446-8321-AF6ABA56318E}.Debug|ARM.ActiveCfg = Debug|ARM
		{0DB06939-5AF8-4446-8321-AF6ABA56318E}.Debug|ARM.Build.0 = Debug|ARM
		{0DB06939-5AF8-4446-8321-AF6ABA56318E}.Debug|ARM.Deploy.0 = Debug|ARM
		{0DB06939-5AF8-4446-8321-AF6ABA56318E}.Debug|x64.ActiveCfg = Debug|x64
		{0DB06939-5AF8-4446-8321-AF6ABA56318E}.Debug|x64.Build.0 = Debug|x64
		{0DB06939-5AF8-4446-8321-AF6ABA56318E}.Debug|x64.Deploy.0 = Debug|x64
		{0DB06939-5AF8-4446-8321-AF6ABA56318E}.Debug|x86.ActiveCfg = Debug|x86
		{0DB06939-5AF8-4446-8321-AF6ABA56318E}.Debug|x86.Build.0 = Debug|x86
		{0DB06939-5AF8-4446-8321-AF6ABA56318E}.Debug|x86.Deploy.0 = Debug|x86
		{0DB06939-5AF8-4446-8321-AF6ABA56318E}.Release|Any CPU.ActiveCfg = Release|Any CPU
		{0DB06939-5AF8-4446-8321-AF6ABA56318E}.Release|Any CPU.Build.0 = Release|Any CPU
		{0DB06939-5AF8-4446-8321-AF6ABA56318E}.Release|Any CPU.Deploy.0 = Release|Any CPU
		{0DB06939-5AF8-4446-8321-AF6ABA56318E}.Release|ARM.ActiveCfg = Release|ARM
		{0DB06939-5AF8-4446-8321-AF6ABA56318E}.Release|ARM.Build.0 = Release|ARM
		{0DB06939-5AF8-4446-8321-AF6ABA56318E}.Release|ARM.Deploy.0 = Release|ARM
		{0DB06939-5AF8-4446-8321-AF6ABA56318E}.Release|x64.ActiveCfg = Release|x64
		{0DB06939-5AF8-4446-8321-AF6ABA56318E}.Release|x64.Build.0 = Release|x64
		{0DB06939-5AF8-4446-8321-AF6ABA56318E}.Release|x64.Deploy.0 = Release|x64
		{0DB06939-5AF8-4446-8321-AF6ABA56318E}.Release|x86.ActiveCfg = Release|x86
		{0DB06939-5AF8-4446-8321-AF6ABA56318E}.Release|x86.Build.0 = Release|x86
		{0DB06939-5AF8-4446-8321-AF6ABA56318E}.Release|x86.Deploy.0 = Release|x86
		{6FA921C7-05EB-4881-8CDA-F4279B6EB23D}.Debug|Any CPU.ActiveCfg = Debug|Any CPU
		{6FA921C7-05EB-4881-8CDA-F4279B6EB23D}.Debug|Any CPU.Build.0 = Debug|Any CPU
		{6FA921C7-05EB-4881-8CDA-F4279B6EB23D}.Debug|ARM.ActiveCfg = Debug|Any CPU
		{6FA921C7-05EB-4881-8CDA-F4279B6EB23D}.Debug|x64.ActiveCfg = Debug|Any CPU
		{6FA921C7-05EB-4881-8CDA-F4279B6EB23D}.Debug|x86.ActiveCfg = Debug|Any CPU
		{6FA921C7-05EB-4881-8CDA-F4279B6EB23D}.Release|Any CPU.ActiveCfg = Release|Any CPU
		{6FA921C7-05EB-4881-8CDA-F4279B6EB23D}.Release|Any CPU.Build.0 = Release|Any CPU
		{6FA921C7-05EB-4881-8CDA-F4279B6EB23D}.Release|ARM.ActiveCfg = Release|Any CPU
		{6FA921C7-05EB-4881-8CDA-F4279B6EB23D}.Release|x64.ActiveCfg = Release|Any CPU
		{6FA921C7-05EB-4881-8CDA-F4279B6EB23D}.Release|x86.ActiveCfg = Release|Any CPU
		{5B10DC48-600B-4F27-84D8-F041FEE71A34}.Debug|Any CPU.ActiveCfg = Debug|Any CPU
		{5B10DC48-600B-4F27-84D8-F041FEE71A34}.Debug|Any CPU.Build.0 = Debug|Any CPU
		{5B10DC48-600B-4F27-84D8-F041FEE71A34}.Debug|ARM.ActiveCfg = Debug|ARM
		{5B10DC48-600B-4F27-84D8-F041FEE71A34}.Debug|ARM.Build.0 = Debug|ARM
		{5B10DC48-600B-4F27-84D8-F041FEE71A34}.Debug|x64.ActiveCfg = Debug|x64
		{5B10DC48-600B-4F27-84D8-F041FEE71A34}.Debug|x64.Build.0 = Debug|x64
		{5B10DC48-600B-4F27-84D8-F041FEE71A34}.Debug|x86.ActiveCfg = Debug|x86
		{5B10DC48-600B-4F27-84D8-F041FEE71A34}.Debug|x86.Build.0 = Debug|x86
		{5B10DC48-600B-4F27-84D8-F041FEE71A34}.Release|Any CPU.ActiveCfg = Release|Any CPU
		{5B10DC48-600B-4F27-84D8-F041FEE71A34}.Release|Any CPU.Build.0 = Release|Any CPU
		{5B10DC48-600B-4F27-84D8-F041FEE71A34}.Release|ARM.ActiveCfg = Release|ARM
		{5B10DC48-600B-4F27-84D8-F041FEE71A34}.Release|ARM.Build.0 = Release|ARM
		{5B10DC48-600B-4F27-84D8-F041FEE71A34}.Release|x64.ActiveCfg = Release|x64
		{5B10DC48-600B-4F27-84D8-F041FEE71A34}.Release|x64.Build.0 = Release|x64
		{5B10DC48-600B-4F27-84D8-F041FEE71A34}.Release|x86.ActiveCfg = Release|x86
		{5B10DC48-600B-4F27-84D8-F041FEE71A34}.Release|x86.Build.0 = Release|x86
		{3F9E75B9-C645-4E98-ABEC-A53B85DDA651}.Debug|Any CPU.ActiveCfg = Debug|Any CPU
		{3F9E75B9-C645-4E98-ABEC-A53B85DDA651}.Debug|Any CPU.Build.0 = Debug|Any CPU
		{3F9E75B9-C645-4E98-ABEC-A53B85DDA651}.Debug|Any CPU.Deploy.0 = Debug|Any CPU
		{3F9E75B9-C645-4E98-ABEC-A53B85DDA651}.Debug|ARM.ActiveCfg = Debug|ARM
		{3F9E75B9-C645-4E98-ABEC-A53B85DDA651}.Debug|ARM.Build.0 = Debug|ARM
		{3F9E75B9-C645-4E98-ABEC-A53B85DDA651}.Debug|ARM.Deploy.0 = Debug|ARM
		{3F9E75B9-C645-4E98-ABEC-A53B85DDA651}.Debug|x64.ActiveCfg = Debug|x64
		{3F9E75B9-C645-4E98-ABEC-A53B85DDA651}.Debug|x64.Build.0 = Debug|x64
		{3F9E75B9-C645-4E98-ABEC-A53B85DDA651}.Debug|x64.Deploy.0 = Debug|x64
		{3F9E75B9-C645-4E98-ABEC-A53B85DDA651}.Debug|x86.ActiveCfg = Debug|x86
		{3F9E75B9-C645-4E98-ABEC-A53B85DDA651}.Debug|x86.Build.0 = Debug|x86
		{3F9E75B9-C645-4E98-ABEC-A53B85DDA651}.Debug|x86.Deploy.0 = Debug|x86
		{3F9E75B9-C645-4E98-ABEC-A53B85DDA651}.Release|Any CPU.ActiveCfg = Release|Any CPU
		{3F9E75B9-C645-4E98-ABEC-A53B85DDA651}.Release|Any CPU.Build.0 = Release|Any CPU
		{3F9E75B9-C645-4E98-ABEC-A53B85DDA651}.Release|Any CPU.Deploy.0 = Release|Any CPU
		{3F9E75B9-C645-4E98-ABEC-A53B85DDA651}.Release|ARM.ActiveCfg = Release|ARM
		{3F9E75B9-C645-4E98-ABEC-A53B85DDA651}.Release|ARM.Build.0 = Release|ARM
		{3F9E75B9-C645-4E98-ABEC-A53B85DDA651}.Release|ARM.Deploy.0 = Release|ARM
		{3F9E75B9-C645-4E98-ABEC-A53B85DDA651}.Release|x64.ActiveCfg = Release|x64
		{3F9E75B9-C645-4E98-ABEC-A53B85DDA651}.Release|x64.Build.0 = Release|x64
		{3F9E75B9-C645-4E98-ABEC-A53B85DDA651}.Release|x64.Deploy.0 = Release|x64
		{3F9E75B9-C645-4E98-ABEC-A53B85DDA651}.Release|x86.ActiveCfg = Release|x86
		{3F9E75B9-C645-4E98-ABEC-A53B85DDA651}.Release|x86.Build.0 = Release|x86
		{3F9E75B9-C645-4E98-ABEC-A53B85DDA651}.Release|x86.Deploy.0 = Release|x86
		{A2303152-0F67-4CA5-8639-0A16E64A8B6D}.Debug|Any CPU.ActiveCfg = Debug|Any CPU
		{A2303152-0F67-4CA5-8639-0A16E64A8B6D}.Debug|Any CPU.Build.0 = Debug|Any CPU
		{A2303152-0F67-4CA5-8639-0A16E64A8B6D}.Debug|ARM.ActiveCfg = Debug|Any CPU
		{A2303152-0F67-4CA5-8639-0A16E64A8B6D}.Debug|x64.ActiveCfg = Debug|Any CPU
		{A2303152-0F67-4CA5-8639-0A16E64A8B6D}.Debug|x86.ActiveCfg = Debug|Any CPU
		{A2303152-0F67-4CA5-8639-0A16E64A8B6D}.Release|Any CPU.ActiveCfg = Release|Any CPU
		{A2303152-0F67-4CA5-8639-0A16E64A8B6D}.Release|Any CPU.Build.0 = Release|Any CPU
		{A2303152-0F67-4CA5-8639-0A16E64A8B6D}.Release|ARM.ActiveCfg = Release|ARM
		{A2303152-0F67-4CA5-8639-0A16E64A8B6D}.Release|ARM.Build.0 = Release|ARM
		{A2303152-0F67-4CA5-8639-0A16E64A8B6D}.Release|x64.ActiveCfg = Release|x64
		{A2303152-0F67-4CA5-8639-0A16E64A8B6D}.Release|x64.Build.0 = Release|x64
		{A2303152-0F67-4CA5-8639-0A16E64A8B6D}.Release|x86.ActiveCfg = Release|x86
		{A2303152-0F67-4CA5-8639-0A16E64A8B6D}.Release|x86.Build.0 = Release|x86
		{13AB2470-6ABB-4E28-B5D6-88483C92E871}.Debug|Any CPU.ActiveCfg = Debug|Any CPU
		{13AB2470-6ABB-4E28-B5D6-88483C92E871}.Debug|Any CPU.Build.0 = Debug|Any CPU
		{13AB2470-6ABB-4E28-B5D6-88483C92E871}.Debug|ARM.ActiveCfg = Debug|Any CPU
		{13AB2470-6ABB-4E28-B5D6-88483C92E871}.Debug|x64.ActiveCfg = Debug|Any CPU
		{13AB2470-6ABB-4E28-B5D6-88483C92E871}.Debug|x86.ActiveCfg = Debug|Any CPU
		{13AB2470-6ABB-4E28-B5D6-88483C92E871}.Release|Any CPU.ActiveCfg = Release|Any CPU
		{13AB2470-6ABB-4E28-B5D6-88483C92E871}.Release|Any CPU.Build.0 = Release|Any CPU
		{13AB2470-6ABB-4E28-B5D6-88483C92E871}.Release|ARM.ActiveCfg = Release|Any CPU
		{13AB2470-6ABB-4E28-B5D6-88483C92E871}.Release|x64.ActiveCfg = Release|Any CPU
		{13AB2470-6ABB-4E28-B5D6-88483C92E871}.Release|x86.ActiveCfg = Release|Any CPU
		{4F93F2D6-F9C4-4174-AC52-505800FA2FFC}.Debug|Any CPU.ActiveCfg = Debug|Any CPU
		{4F93F2D6-F9C4-4174-AC52-505800FA2FFC}.Debug|Any CPU.Build.0 = Debug|Any CPU
		{4F93F2D6-F9C4-4174-AC52-505800FA2FFC}.Debug|Any CPU.Deploy.0 = Debug|Any CPU
		{4F93F2D6-F9C4-4174-AC52-505800FA2FFC}.Debug|ARM.ActiveCfg = Debug|ARM
		{4F93F2D6-F9C4-4174-AC52-505800FA2FFC}.Debug|ARM.Build.0 = Debug|ARM
		{4F93F2D6-F9C4-4174-AC52-505800FA2FFC}.Debug|ARM.Deploy.0 = Debug|ARM
		{4F93F2D6-F9C4-4174-AC52-505800FA2FFC}.Debug|x64.ActiveCfg = Debug|x64
		{4F93F2D6-F9C4-4174-AC52-505800FA2FFC}.Debug|x64.Build.0 = Debug|x64
		{4F93F2D6-F9C4-4174-AC52-505800FA2FFC}.Debug|x64.Deploy.0 = Debug|x64
		{4F93F2D6-F9C4-4174-AC52-505800FA2FFC}.Debug|x86.ActiveCfg = Debug|x86
		{4F93F2D6-F9C4-4174-AC52-505800FA2FFC}.Debug|x86.Build.0 = Debug|x86
		{4F93F2D6-F9C4-4174-AC52-505800FA2FFC}.Debug|x86.Deploy.0 = Debug|x86
		{4F93F2D6-F9C4-4174-AC52-505800FA2FFC}.Release|Any CPU.ActiveCfg = Release|Any CPU
		{4F93F2D6-F9C4-4174-AC52-505800FA2FFC}.Release|Any CPU.Build.0 = Release|Any CPU
		{4F93F2D6-F9C4-4174-AC52-505800FA2FFC}.Release|Any CPU.Deploy.0 = Release|Any CPU
		{4F93F2D6-F9C4-4174-AC52-505800FA2FFC}.Release|ARM.ActiveCfg = Release|ARM
		{4F93F2D6-F9C4-4174-AC52-505800FA2FFC}.Release|ARM.Build.0 = Release|ARM
		{4F93F2D6-F9C4-4174-AC52-505800FA2FFC}.Release|ARM.Deploy.0 = Release|ARM
		{4F93F2D6-F9C4-4174-AC52-505800FA2FFC}.Release|x64.ActiveCfg = Release|x64
		{4F93F2D6-F9C4-4174-AC52-505800FA2FFC}.Release|x64.Build.0 = Release|x64
		{4F93F2D6-F9C4-4174-AC52-505800FA2FFC}.Release|x64.Deploy.0 = Release|x64
		{4F93F2D6-F9C4-4174-AC52-505800FA2FFC}.Release|x86.ActiveCfg = Release|x86
		{4F93F2D6-F9C4-4174-AC52-505800FA2FFC}.Release|x86.Build.0 = Release|x86
		{4F93F2D6-F9C4-4174-AC52-505800FA2FFC}.Release|x86.Deploy.0 = Release|x86
		{D5D2645C-03EB-48B0-9873-0904FCDB2CED}.Debug|Any CPU.ActiveCfg = Debug|Any CPU
		{D5D2645C-03EB-48B0-9873-0904FCDB2CED}.Debug|Any CPU.Build.0 = Debug|Any CPU
		{D5D2645C-03EB-48B0-9873-0904FCDB2CED}.Debug|ARM.ActiveCfg = Debug|Any CPU
		{D5D2645C-03EB-48B0-9873-0904FCDB2CED}.Debug|x64.ActiveCfg = Debug|Any CPU
		{D5D2645C-03EB-48B0-9873-0904FCDB2CED}.Debug|x86.ActiveCfg = Debug|Any CPU
		{D5D2645C-03EB-48B0-9873-0904FCDB2CED}.Release|Any CPU.ActiveCfg = Release|Any CPU
		{D5D2645C-03EB-48B0-9873-0904FCDB2CED}.Release|Any CPU.Build.0 = Release|Any CPU
		{D5D2645C-03EB-48B0-9873-0904FCDB2CED}.Release|ARM.ActiveCfg = Release|Any CPU
		{D5D2645C-03EB-48B0-9873-0904FCDB2CED}.Release|x64.ActiveCfg = Release|Any CPU
		{D5D2645C-03EB-48B0-9873-0904FCDB2CED}.Release|x86.ActiveCfg = Release|Any CPU
		{7C7225FE-FD57-48D1-9576-966ED0007EF0}.Debug|Any CPU.ActiveCfg = Debug|Any CPU
		{7C7225FE-FD57-48D1-9576-966ED0007EF0}.Debug|Any CPU.Build.0 = Debug|Any CPU
		{7C7225FE-FD57-48D1-9576-966ED0007EF0}.Debug|Any CPU.Deploy.0 = Debug|Any CPU
		{7C7225FE-FD57-48D1-9576-966ED0007EF0}.Debug|ARM.ActiveCfg = Debug|ARM
		{7C7225FE-FD57-48D1-9576-966ED0007EF0}.Debug|ARM.Build.0 = Debug|ARM
		{7C7225FE-FD57-48D1-9576-966ED0007EF0}.Debug|ARM.Deploy.0 = Debug|ARM
		{7C7225FE-FD57-48D1-9576-966ED0007EF0}.Debug|x64.ActiveCfg = Debug|x64
		{7C7225FE-FD57-48D1-9576-966ED0007EF0}.Debug|x64.Build.0 = Debug|x64
		{7C7225FE-FD57-48D1-9576-966ED0007EF0}.Debug|x64.Deploy.0 = Debug|x64
		{7C7225FE-FD57-48D1-9576-966ED0007EF0}.Debug|x86.ActiveCfg = Debug|x86
		{7C7225FE-FD57-48D1-9576-966ED0007EF0}.Debug|x86.Build.0 = Debug|x86
		{7C7225FE-FD57-48D1-9576-966ED0007EF0}.Debug|x86.Deploy.0 = Debug|x86
		{7C7225FE-FD57-48D1-9576-966ED0007EF0}.Release|Any CPU.ActiveCfg = Release|Any CPU
		{7C7225FE-FD57-48D1-9576-966ED0007EF0}.Release|Any CPU.Build.0 = Release|Any CPU
		{7C7225FE-FD57-48D1-9576-966ED0007EF0}.Release|Any CPU.Deploy.0 = Release|Any CPU
		{7C7225FE-FD57-48D1-9576-966ED0007EF0}.Release|ARM.ActiveCfg = Release|ARM
		{7C7225FE-FD57-48D1-9576-966ED0007EF0}.Release|ARM.Build.0 = Release|ARM
		{7C7225FE-FD57-48D1-9576-966ED0007EF0}.Release|ARM.Deploy.0 = Release|ARM
		{7C7225FE-FD57-48D1-9576-966ED0007EF0}.Release|x64.ActiveCfg = Release|x64
		{7C7225FE-FD57-48D1-9576-966ED0007EF0}.Release|x64.Build.0 = Release|x64
		{7C7225FE-FD57-48D1-9576-966ED0007EF0}.Release|x64.Deploy.0 = Release|x64
		{7C7225FE-FD57-48D1-9576-966ED0007EF0}.Release|x86.ActiveCfg = Release|x86
		{7C7225FE-FD57-48D1-9576-966ED0007EF0}.Release|x86.Build.0 = Release|x86
		{7C7225FE-FD57-48D1-9576-966ED0007EF0}.Release|x86.Deploy.0 = Release|x86
	EndGlobalSection
	GlobalSection(SolutionProperties) = preSolution
		HideSolutionNode = FALSE
	EndGlobalSection
	GlobalSection(NestedProjects) = preSolution
		{3F9E75B9-C645-4E98-ABEC-A53B85DDA651} = {C3F03DDF-A032-4E32-BD38-24CCBF104705}
		{13AB2470-6ABB-4E28-B5D6-88483C92E871} = {C3F03DDF-A032-4E32-BD38-24CCBF104705}
		{4F93F2D6-F9C4-4174-AC52-505800FA2FFC} = {C3F03DDF-A032-4E32-BD38-24CCBF104705}
		{7C7225FE-FD57-48D1-9576-966ED0007EF0} = {C3F03DDF-A032-4E32-BD38-24CCBF104705}
	EndGlobalSection
EndGlobal
