
Microsoft Visual Studio Solution File, Format Version 12.00
# Visual Studio 14
VisualStudioVersion = 14.0.25123.0
MinimumVisualStudioVersion = 10.0.40219.1
Project("{F184B08F-C81C-45F6-A57F-5ABD9991F28F}") = "Snake", "Snake.vbproj", "{FF9D1E21-A989-48B2-A0DB-C33EB4CFC479}"
EndProject
Global
	GlobalSection(SolutionConfigurationPlatforms) = preSolution
		Debug|Any CPU = Debug|Any CPU
		Release|Any CPU = Release|Any CPU
	EndGlobalSection
	GlobalSection(ProjectConfigurationPlatforms) = postSolution
		{FF9D1E21-A989-48B2-A0DB-C33EB4CFC479}.Debug|Any CPU.ActiveCfg = Debug|Any CPU
		{FF9D1E21-A989-48B2-A0DB-C33EB4CFC479}.Debug|Any CPU.Build.0 = Debug|Any CPU
		{FF9D1E21-A989-48B2-A0DB-C33EB4CFC479}.Release|Any CPU.ActiveCfg = Release|Any CPU
		{FF9D1E21-A989-48B2-A0DB-C33EB4CFC479}.Release|Any CPU.Build.0 = Release|Any CPU
	EndGlobalSection
	GlobalSection(SolutionProperties) = preSolution
		HideSolutionNode = FALSE
	EndGlobalSection
EndGlobal
