
Microsoft Visual Studio Solution File, Format Version 11.00
# Visual Studio 2010
Project("{FAE04EC0-301F-11D3-BF4B-00C04F79EFBC}") = "DrawImage-VS2010", "DrawImage-VS2010.csproj", "{B19C6140-9DD0-44D3-BB6E-A1E31B4FBE09}"
EndProject
Global
	GlobalSection(SolutionConfigurationPlatforms) = preSolution
		Debug|Any CPU = Debug|Any CPU
		Release|Any CPU = Release|Any CPU
	EndGlobalSection
	GlobalSection(ProjectConfigurationPlatforms) = postSolution
		{B19C6140-9DD0-44D3-BB6E-A1E31B4FBE09}.Debug|Any CPU.ActiveCfg = Debug|Any CPU
		{B19C6140-9DD0-44D3-BB6E-A1E31B4FBE09}.Debug|Any CPU.Build.0 = Debug|Any CPU
		{B19C6140-9DD0-44D3-BB6E-A1E31B4FBE09}.Release|Any CPU.ActiveCfg = Release|Any CPU
		{B19C6140-9DD0-44D3-BB6E-A1E31B4FBE09}.Release|Any CPU.Build.0 = Release|Any CPU
	EndGlobalSection
	GlobalSection(SolutionProperties) = preSolution
		HideSolutionNode = FALSE
	EndGlobalSection
EndGlobal
