
Microsoft Visual Studio Solution File, Format Version 12.00
# Visual Studio 2013
VisualStudioVersion = 12.0.30501.0
MinimumVisualStudioVersion = 10.0.40219.1
Project("{FAE04EC0-301F-11D3-BF4B-00C04F79EFBC}") = "HL7Messaging", "HL7Messaging\HL7Messaging.csproj", "{5750F32A-0A36-4FB4-8DAC-51D1296C8F75}"
EndProject
Project("{FAE04EC0-301F-11D3-BF4B-00C04F79EFBC}") = "Test", "Test\Test.csproj", "{AD998C3E-905A-4C70-8D16-00751516243E}"
EndProject
Project("{FAE04EC0-301F-11D3-BF4B-00C04F79EFBC}") = "Server", "Server\Server.csproj", "{856CD926-E4E2-4A41-B311-6F87D5090E98}"
EndProject
Global
	GlobalSection(SolutionConfigurationPlatforms) = preSolution
		Debug|Any CPU = Debug|Any CPU
		Release|Any CPU = Release|Any CPU
	EndGlobalSection
	GlobalSection(ProjectConfigurationPlatforms) = postSolution
		{5750F32A-0A36-4FB4-8DAC-51D1296C8F75}.Debug|Any CPU.ActiveCfg = Debug|Any CPU
		{5750F32A-0A36-4FB4-8DAC-51D1296C8F75}.Debug|Any CPU.Build.0 = Debug|Any CPU
		{5750F32A-0A36-4FB4-8DAC-51D1296C8F75}.Release|Any CPU.ActiveCfg = Release|Any CPU
		{5750F32A-0A36-4FB4-8DAC-51D1296C8F75}.Release|Any CPU.Build.0 = Release|Any CPU
		{AD998C3E-905A-4C70-8D16-00751516243E}.Debug|Any CPU.ActiveCfg = Debug|Any CPU
		{AD998C3E-905A-4C70-8D16-00751516243E}.Debug|Any CPU.Build.0 = Debug|Any CPU
		{AD998C3E-905A-4C70-8D16-00751516243E}.Release|Any CPU.ActiveCfg = Release|Any CPU
		{AD998C3E-905A-4C70-8D16-00751516243E}.Release|Any CPU.Build.0 = Release|Any CPU
		{856CD926-E4E2-4A41-B311-6F87D5090E98}.Debug|Any CPU.ActiveCfg = Debug|Any CPU
		{856CD926-E4E2-4A41-B311-6F87D5090E98}.Debug|Any CPU.Build.0 = Debug|Any CPU
		{856CD926-E4E2-4A41-B311-6F87D5090E98}.Release|Any CPU.ActiveCfg = Release|Any CPU
		{856CD926-E4E2-4A41-B311-6F87D5090E98}.Release|Any CPU.Build.0 = Release|Any CPU
	EndGlobalSection
	GlobalSection(SolutionProperties) = preSolution
		HideSolutionNode = FALSE
	EndGlobalSection
EndGlobal
