
Microsoft Visual Studio Solution File, Format Version 11.00
# Visual Studio 2010
Project("{FAE04EC0-301F-11D3-BF4B-00C04F79EFBC}") = "WebService_ex", "WebService_ex\WebService_ex.csproj", "{454FBAFB-9C22-4F0C-9FE9-1540B9059D34}"
EndProject
Global
	GlobalSection(SolutionConfigurationPlatforms) = preSolution
		Debug|Any CPU = Debug|Any CPU
		Release|Any CPU = Release|Any CPU
	EndGlobalSection
	GlobalSection(ProjectConfigurationPlatforms) = postSolution
		{454FBAFB-9C22-4F0C-9FE9-1540B9059D34}.Debug|Any CPU.ActiveCfg = Debug|Any CPU
		{454FBAFB-9C22-4F0C-9FE9-1540B9059D34}.Debug|Any CPU.Build.0 = Debug|Any CPU
		{454FBAFB-9C22-4F0C-9FE9-1540B9059D34}.Release|Any CPU.ActiveCfg = Release|Any CPU
		{454FBAFB-9C22-4F0C-9FE9-1540B9059D34}.Release|Any CPU.Build.0 = Release|Any CPU
	EndGlobalSection
	GlobalSection(SolutionProperties) = preSolution
		HideSolutionNode = FALSE
	EndGlobalSection
EndGlobal
