
Microsoft Visual Studio Solution File, Format Version 11.00
# Visual Studio 2010
Project("{F184B08F-C81C-45F6-A57F-5ABD9991F28F}") = "Mvc3Filter", "Mvc3Filter.vbproj", "{DF11B730-87FC-4D2C-9DEC-604DFB08B6D6}"
EndProject
Global
	GlobalSection(SolutionConfigurationPlatforms) = preSolution
		Debug|Any CPU = Debug|Any CPU
		Release|Any CPU = Release|Any CPU
	EndGlobalSection
	GlobalSection(ProjectConfigurationPlatforms) = postSolution
		{DF11B730-87FC-4D2C-9DEC-604DFB08B6D6}.Debug|Any CPU.ActiveCfg = Debug|Any CPU
		{DF11B730-87FC-4D2C-9DEC-604DFB08B6D6}.Debug|Any CPU.Build.0 = Debug|Any CPU
		{DF11B730-87FC-4D2C-9DEC-604DFB08B6D6}.Release|Any CPU.ActiveCfg = Release|Any CPU
		{DF11B730-87FC-4D2C-9DEC-604DFB08B6D6}.Release|Any CPU.Build.0 = Release|Any CPU
	EndGlobalSection
	GlobalSection(SolutionProperties) = preSolution
		HideSolutionNode = FALSE
	EndGlobalSection
EndGlobal
