
Microsoft Visual Studio Solution File, Format Version 11.00
# Visual Studio 2010
Project("{FAE04EC0-301F-11D3-BF4B-00C04F79EFBC}") = "XmlTransformation", "XmlTransformation\XmlTransformation.csproj", "{E7B4251B-3EA1-47B2-AE15-DB5B6C5FEF8C}"
EndProject
Global
	GlobalSection(SolutionConfigurationPlatforms) = preSolution
		Debug|x86 = Debug|x86
		Release|x86 = Release|x86
	EndGlobalSection
	GlobalSection(ProjectConfigurationPlatforms) = postSolution
		{E7B4251B-3EA1-47B2-AE15-DB5B6C5FEF8C}.Debug|x86.ActiveCfg = Debug|x86
		{E7B4251B-3EA1-47B2-AE15-DB5B6C5FEF8C}.Debug|x86.Build.0 = Debug|x86
		{E7B4251B-3EA1-47B2-AE15-DB5B6C5FEF8C}.Release|x86.ActiveCfg = Release|x86
		{E7B4251B-3EA1-47B2-AE15-DB5B6C5FEF8C}.Release|x86.Build.0 = Release|x86
	EndGlobalSection
	GlobalSection(SolutionProperties) = preSolution
		HideSolutionNode = FALSE
	EndGlobalSection
EndGlobal
