
Microsoft Visual Studio Solution File, Format Version 11.00
# Visual Studio 2010
Project("{2150E333-8FDC-42A3-9474-1A3956D46DE8}") = "3rd Party", "3rd Party", "{44ECAA2F-295C-437E-91CC-1B855B78DF37}"
EndProject
Project("{FAE04EC0-301F-11D3-BF4B-00C04F79EFBC}") = "FlashCards.ViewModel.SL", "..\FlashCards.ViewModel.SL\FlashCards.ViewModel.SL.csproj", "{3797F81E-36F2-49E2-87C4-F863E3AF54BF}"
EndProject
Project("{FAE04EC0-301F-11D3-BF4B-00C04F79EFBC}") = "FlashCards.UI.SL", "..\FlashCards.UI.SL\FlashCards.UI.SL.csproj", "{94247295-5A92-4A8F-ACF7-FB722BC86885}"
EndProject
Project("{FAE04EC0-301F-11D3-BF4B-00C04F79EFBC}") = "FlashCards.ViewModel.WPF", "..\FlashCards.ViewModel.WPF\FlashCards.ViewModel.WPF.csproj", "{6F789C28-B046-48C8-AB5A-D53A2101DDC4}"
EndProject
Project("{FAE04EC0-301F-11D3-BF4B-00C04F79EFBC}") = "IdentityMine.Windows.SimpleMultitouch", "..\3rd Party\IdentityMine.Windows7.SimpleMultitouch\IdentityMine.Windows.SimpleMultitouch.csproj", "{EF4B5EFF-23C2-4DC8-A03F-FEF6589A6CE3}"
EndProject
Project("{FAE04EC0-301F-11D3-BF4B-00C04F79EFBC}") = "Windows7.Multitouch", "..\3rd Party\Windows7.Multitouch\Windows7.Multitouch.csproj", "{BA3201ED-9FDD-44E5-AA16-5A14526BB908}"
EndProject
Project("{FAE04EC0-301F-11D3-BF4B-00C04F79EFBC}") = "FlashCards.UI.WPF", "..\FlashCards.UI.WPF\FlashCards.UI.WPF.csproj", "{E94AE707-C7AE-4C8F-9E27-CAACB47A627A}"
EndProject
Project("{FAE04EC0-301F-11D3-BF4B-00C04F79EFBC}") = "FlashCards.UI.Phone", "..\FlashCards.UI.Phone\FlashCards.UI.Phone.csproj", "{35EBA201-DC31-432B-B251-7A8CD1DADA17}"
EndProject
Project("{FAE04EC0-301F-11D3-BF4B-00C04F79EFBC}") = "FlashCards.ViewModel.Phone", "..\FlashCards.ViewModel.Phone\FlashCards.ViewModel.Phone.csproj", "{83BB662E-6C7C-4D44-A4E2-049F23EE4B45}"
EndProject
Project("{2150E333-8FDC-42A3-9474-1A3956D46DE8}") = "Decks", "Decks", "{915947BE-FE7D-40A2-8993-C9599A09ABFD}"
	ProjectSection(SolutionItems) = preProject
		..\Decks\Alphabet.deckx = ..\Decks\Alphabet.deckx
		..\Decks\Animals.deckx = ..\Decks\Animals.deckx
		..\Decks\Flowers.deckx = ..\Decks\Flowers.deckx
	EndProjectSection
EndProject
Project("{FAE04EC0-301F-11D3-BF4B-00C04F79EFBC}") = "FlashCardsService.Contracts", "..\Contracts\FlashCardsService.Contracts.csproj", "{DF025453-E75C-41D4-AA90-9474F4523801}"
EndProject
Project("{2150E333-8FDC-42A3-9474-1A3956D46DE8}") = "WindowsAzureService", "WindowsAzureService", "{FD9F5BF1-9988-48A4-B00E-941328A3588A}"
EndProject
Project("{FAE04EC0-301F-11D3-BF4B-00C04F79EFBC}") = "FlashWCFWebRole", "FlashWCFWebRole\FlashWCFWebRole.csproj", "{4C247969-A62A-4E3C-9DF5-15EDBA24C271}"
EndProject
Project("{FAE04EC0-301F-11D3-BF4B-00C04F79EFBC}") = "FlashSLWebRole", "FlashSLWebRole\FlashSLWebRole.csproj", "{423E15E9-18E4-4C54-BB5D-056EE703BE4C}"
EndProject
Project("{CC5FD16D-436D-48AD-A40C-5A424C6E3E79}") = "FlashCardsService", "FlashCardService\FlashCardsService.ccproj", "{F9221D27-4619-4967-AED4-1D06A140DE78}"
EndProject
Project("{FAE04EC0-301F-11D3-BF4B-00C04F79EFBC}") = "FlashCardsService.Entities", "Entities\FlashCardsService.Entities.csproj", "{42059131-0D45-47AB-9AE3-8967E9404C95}"
EndProject
Global
	GlobalSection(SolutionConfigurationPlatforms) = preSolution
		CodeAnalysisDebug|Any CPU = CodeAnalysisDebug|Any CPU
		Debug|Any CPU = Debug|Any CPU
		Release|Any CPU = Release|Any CPU
	EndGlobalSection
	GlobalSection(ProjectConfigurationPlatforms) = postSolution
		{3797F81E-36F2-49E2-87C4-F863E3AF54BF}.CodeAnalysisDebug|Any CPU.ActiveCfg = Debug|Any CPU
		{3797F81E-36F2-49E2-87C4-F863E3AF54BF}.CodeAnalysisDebug|Any CPU.Build.0 = Debug|Any CPU
		{3797F81E-36F2-49E2-87C4-F863E3AF54BF}.Debug|Any CPU.ActiveCfg = Debug|Any CPU
		{3797F81E-36F2-49E2-87C4-F863E3AF54BF}.Debug|Any CPU.Build.0 = Debug|Any CPU
		{3797F81E-36F2-49E2-87C4-F863E3AF54BF}.Release|Any CPU.ActiveCfg = Release|Any CPU
		{3797F81E-36F2-49E2-87C4-F863E3AF54BF}.Release|Any CPU.Build.0 = Release|Any CPU
		{94247295-5A92-4A8F-ACF7-FB722BC86885}.CodeAnalysisDebug|Any CPU.ActiveCfg = Debug|Any CPU
		{94247295-5A92-4A8F-ACF7-FB722BC86885}.CodeAnalysisDebug|Any CPU.Build.0 = Debug|Any CPU
		{94247295-5A92-4A8F-ACF7-FB722BC86885}.Debug|Any CPU.ActiveCfg = Debug|Any CPU
		{94247295-5A92-4A8F-ACF7-FB722BC86885}.Debug|Any CPU.Build.0 = Debug|Any CPU
		{94247295-5A92-4A8F-ACF7-FB722BC86885}.Release|Any CPU.ActiveCfg = Release|Any CPU
		{94247295-5A92-4A8F-ACF7-FB722BC86885}.Release|Any CPU.Build.0 = Release|Any CPU
		{6F789C28-B046-48C8-AB5A-D53A2101DDC4}.CodeAnalysisDebug|Any CPU.ActiveCfg = Debug|Any CPU
		{6F789C28-B046-48C8-AB5A-D53A2101DDC4}.CodeAnalysisDebug|Any CPU.Build.0 = Debug|Any CPU
		{6F789C28-B046-48C8-AB5A-D53A2101DDC4}.Debug|Any CPU.ActiveCfg = Debug|Any CPU
		{6F789C28-B046-48C8-AB5A-D53A2101DDC4}.Debug|Any CPU.Build.0 = Debug|Any CPU
		{6F789C28-B046-48C8-AB5A-D53A2101DDC4}.Release|Any CPU.ActiveCfg = Release|Any CPU
		{6F789C28-B046-48C8-AB5A-D53A2101DDC4}.Release|Any CPU.Build.0 = Release|Any CPU
		{EF4B5EFF-23C2-4DC8-A03F-FEF6589A6CE3}.CodeAnalysisDebug|Any CPU.ActiveCfg = Debug|Any CPU
		{EF4B5EFF-23C2-4DC8-A03F-FEF6589A6CE3}.CodeAnalysisDebug|Any CPU.Build.0 = Debug|Any CPU
		{EF4B5EFF-23C2-4DC8-A03F-FEF6589A6CE3}.Debug|Any CPU.ActiveCfg = Debug|Any CPU
		{EF4B5EFF-23C2-4DC8-A03F-FEF6589A6CE3}.Debug|Any CPU.Build.0 = Debug|Any CPU
		{EF4B5EFF-23C2-4DC8-A03F-FEF6589A6CE3}.Release|Any CPU.ActiveCfg = Release|Any CPU
		{EF4B5EFF-23C2-4DC8-A03F-FEF6589A6CE3}.Release|Any CPU.Build.0 = Release|Any CPU
		{BA3201ED-9FDD-44E5-AA16-5A14526BB908}.CodeAnalysisDebug|Any CPU.ActiveCfg = Debug|Any CPU
		{BA3201ED-9FDD-44E5-AA16-5A14526BB908}.CodeAnalysisDebug|Any CPU.Build.0 = Debug|Any CPU
		{BA3201ED-9FDD-44E5-AA16-5A14526BB908}.Debug|Any CPU.ActiveCfg = Debug|Any CPU
		{BA3201ED-9FDD-44E5-AA16-5A14526BB908}.Debug|Any CPU.Build.0 = Debug|Any CPU
		{BA3201ED-9FDD-44E5-AA16-5A14526BB908}.Release|Any CPU.ActiveCfg = Release|Any CPU
		{BA3201ED-9FDD-44E5-AA16-5A14526BB908}.Release|Any CPU.Build.0 = Release|Any CPU
		{E94AE707-C7AE-4C8F-9E27-CAACB47A627A}.CodeAnalysisDebug|Any CPU.ActiveCfg = Debug|Any CPU
		{E94AE707-C7AE-4C8F-9E27-CAACB47A627A}.CodeAnalysisDebug|Any CPU.Build.0 = Debug|Any CPU
		{E94AE707-C7AE-4C8F-9E27-CAACB47A627A}.Debug|Any CPU.ActiveCfg = Debug|Any CPU
		{E94AE707-C7AE-4C8F-9E27-CAACB47A627A}.Debug|Any CPU.Build.0 = Debug|Any CPU
		{E94AE707-C7AE-4C8F-9E27-CAACB47A627A}.Release|Any CPU.ActiveCfg = Release|Any CPU
		{E94AE707-C7AE-4C8F-9E27-CAACB47A627A}.Release|Any CPU.Build.0 = Release|Any CPU
		{35EBA201-DC31-432B-B251-7A8CD1DADA17}.CodeAnalysisDebug|Any CPU.ActiveCfg = Debug|Any CPU
		{35EBA201-DC31-432B-B251-7A8CD1DADA17}.CodeAnalysisDebug|Any CPU.Build.0 = Debug|Any CPU
		{35EBA201-DC31-432B-B251-7A8CD1DADA17}.CodeAnalysisDebug|Any CPU.Deploy.0 = Debug|Any CPU
		{35EBA201-DC31-432B-B251-7A8CD1DADA17}.Debug|Any CPU.ActiveCfg = Debug|Any CPU
		{35EBA201-DC31-432B-B251-7A8CD1DADA17}.Debug|Any CPU.Build.0 = Debug|Any CPU
		{35EBA201-DC31-432B-B251-7A8CD1DADA17}.Debug|Any CPU.Deploy.0 = Debug|Any CPU
		{35EBA201-DC31-432B-B251-7A8CD1DADA17}.Release|Any CPU.ActiveCfg = Release|Any CPU
		{35EBA201-DC31-432B-B251-7A8CD1DADA17}.Release|Any CPU.Build.0 = Release|Any CPU
		{35EBA201-DC31-432B-B251-7A8CD1DADA17}.Release|Any CPU.Deploy.0 = Release|Any CPU
		{83BB662E-6C7C-4D44-A4E2-049F23EE4B45}.CodeAnalysisDebug|Any CPU.ActiveCfg = Debug|Any CPU
		{83BB662E-6C7C-4D44-A4E2-049F23EE4B45}.CodeAnalysisDebug|Any CPU.Build.0 = Debug|Any CPU
		{83BB662E-6C7C-4D44-A4E2-049F23EE4B45}.Debug|Any CPU.ActiveCfg = Debug|Any CPU
		{83BB662E-6C7C-4D44-A4E2-049F23EE4B45}.Debug|Any CPU.Build.0 = Debug|Any CPU
		{83BB662E-6C7C-4D44-A4E2-049F23EE4B45}.Release|Any CPU.ActiveCfg = Release|Any CPU
		{83BB662E-6C7C-4D44-A4E2-049F23EE4B45}.Release|Any CPU.Build.0 = Release|Any CPU
		{DF025453-E75C-41D4-AA90-9474F4523801}.CodeAnalysisDebug|Any CPU.ActiveCfg = Debug|Any CPU
		{DF025453-E75C-41D4-AA90-9474F4523801}.CodeAnalysisDebug|Any CPU.Build.0 = Debug|Any CPU
		{DF025453-E75C-41D4-AA90-9474F4523801}.Debug|Any CPU.ActiveCfg = Debug|Any CPU
		{DF025453-E75C-41D4-AA90-9474F4523801}.Debug|Any CPU.Build.0 = Debug|Any CPU
		{DF025453-E75C-41D4-AA90-9474F4523801}.Release|Any CPU.ActiveCfg = Release|Any CPU
		{DF025453-E75C-41D4-AA90-9474F4523801}.Release|Any CPU.Build.0 = Release|Any CPU
		{4C247969-A62A-4E3C-9DF5-15EDBA24C271}.CodeAnalysisDebug|Any CPU.ActiveCfg = Debug|Any CPU
		{4C247969-A62A-4E3C-9DF5-15EDBA24C271}.CodeAnalysisDebug|Any CPU.Build.0 = Debug|Any CPU
		{4C247969-A62A-4E3C-9DF5-15EDBA24C271}.Debug|Any CPU.ActiveCfg = Debug|Any CPU
		{4C247969-A62A-4E3C-9DF5-15EDBA24C271}.Debug|Any CPU.Build.0 = Debug|Any CPU
		{4C247969-A62A-4E3C-9DF5-15EDBA24C271}.Release|Any CPU.ActiveCfg = Release|Any CPU
		{4C247969-A62A-4E3C-9DF5-15EDBA24C271}.Release|Any CPU.Build.0 = Release|Any CPU
		{423E15E9-18E4-4C54-BB5D-056EE703BE4C}.CodeAnalysisDebug|Any CPU.ActiveCfg = Debug|Any CPU
		{423E15E9-18E4-4C54-BB5D-056EE703BE4C}.CodeAnalysisDebug|Any CPU.Build.0 = Debug|Any CPU
		{423E15E9-18E4-4C54-BB5D-056EE703BE4C}.Debug|Any CPU.ActiveCfg = Debug|Any CPU
		{423E15E9-18E4-4C54-BB5D-056EE703BE4C}.Debug|Any CPU.Build.0 = Debug|Any CPU
		{423E15E9-18E4-4C54-BB5D-056EE703BE4C}.Release|Any CPU.ActiveCfg = Release|Any CPU
		{423E15E9-18E4-4C54-BB5D-056EE703BE4C}.Release|Any CPU.Build.0 = Release|Any CPU
		{F9221D27-4619-4967-AED4-1D06A140DE78}.CodeAnalysisDebug|Any CPU.ActiveCfg = Debug|Any CPU
		{F9221D27-4619-4967-AED4-1D06A140DE78}.CodeAnalysisDebug|Any CPU.Build.0 = Debug|Any CPU
		{F9221D27-4619-4967-AED4-1D06A140DE78}.Debug|Any CPU.ActiveCfg = Debug|Any CPU
		{F9221D27-4619-4967-AED4-1D06A140DE78}.Debug|Any CPU.Build.0 = Debug|Any CPU
		{F9221D27-4619-4967-AED4-1D06A140DE78}.Release|Any CPU.ActiveCfg = Release|Any CPU
		{F9221D27-4619-4967-AED4-1D06A140DE78}.Release|Any CPU.Build.0 = Release|Any CPU
		{42059131-0D45-47AB-9AE3-8967E9404C95}.CodeAnalysisDebug|Any CPU.ActiveCfg = Debug|Any CPU
		{42059131-0D45-47AB-9AE3-8967E9404C95}.CodeAnalysisDebug|Any CPU.Build.0 = Debug|Any CPU
		{42059131-0D45-47AB-9AE3-8967E9404C95}.Debug|Any CPU.ActiveCfg = Debug|Any CPU
		{42059131-0D45-47AB-9AE3-8967E9404C95}.Debug|Any CPU.Build.0 = Debug|Any CPU
		{42059131-0D45-47AB-9AE3-8967E9404C95}.Release|Any CPU.ActiveCfg = Release|Any CPU
		{42059131-0D45-47AB-9AE3-8967E9404C95}.Release|Any CPU.Build.0 = Release|Any CPU
	EndGlobalSection
	GlobalSection(SolutionProperties) = preSolution
		HideSolutionNode = FALSE
	EndGlobalSection
	GlobalSection(NestedProjects) = preSolution
		{EF4B5EFF-23C2-4DC8-A03F-FEF6589A6CE3} = {44ECAA2F-295C-437E-91CC-1B855B78DF37}
		{BA3201ED-9FDD-44E5-AA16-5A14526BB908} = {44ECAA2F-295C-437E-91CC-1B855B78DF37}
		{4C247969-A62A-4E3C-9DF5-15EDBA24C271} = {FD9F5BF1-9988-48A4-B00E-941328A3588A}
		{423E15E9-18E4-4C54-BB5D-056EE703BE4C} = {FD9F5BF1-9988-48A4-B00E-941328A3588A}
		{F9221D27-4619-4967-AED4-1D06A140DE78} = {FD9F5BF1-9988-48A4-B00E-941328A3588A}
		{42059131-0D45-47AB-9AE3-8967E9404C95} = {FD9F5BF1-9988-48A4-B00E-941328A3588A}
	EndGlobalSection
EndGlobal
